// !$*UTF8*$!
{
	archiveVersion = 1;
	classes = {
	};
	objectVersion = 46;
	objects = {

/* Begin PBXBuildFile section */
		7461A9FD14306146005FD7F3 /* cell.png in Resources */ = {isa = PBXBuildFile; fileRef = 7461A9FB14306146005FD7F3 /* cell.png */; };
		7461A9FE14306146005FD7F3 /* cell_selected.png in Resources */ = {isa = PBXBuildFile; fileRef = 7461A9FC14306146005FD7F3 /* cell_selected.png */; };
		7461AA191430C9B7005FD7F3 /* Record.m in Sources */ = {isa = PBXBuildFile; fileRef = 7461AA181430C9B7005FD7F3 /* Record.m */; };
		747EA3E9142EB93700FB81E9 /* yuna.png in Resources */ = {isa = PBXBuildFile; fileRef = 747EA3E8142EB93700FB81E9 /* yuna.png */; };
		747EA3EF142F091400FB81E9 /* button_check_off.png in Resources */ = {isa = PBXBuildFile; fileRef = 747EA3EB142F091400FB81E9 /* button_check_off.png */; };
		747EA3F0142F091400FB81E9 /* button_check_on.png in Resources */ = {isa = PBXBuildFile; fileRef = 747EA3EC142F091400FB81E9 /* button_check_on.png */; };
		747EA3F1142F091400FB81E9 /* button_radio_off.png in Resources */ = {isa = PBXBuildFile; fileRef = 747EA3ED142F091400FB81E9 /* button_radio_off.png */; };
		747EA3F2142F091400FB81E9 /* button_radio_on.png in Resources */ = {isa = PBXBuildFile; fileRef = 747EA3EE142F091400FB81E9 /* button_radio_on.png */; };
		747EA3F4142F0F2500FB81E9 /* button_black_e.png in Resources */ = {isa = PBXBuildFile; fileRef = 747EA3F3142F0F2500FB81E9 /* button_black_e.png */; };
		747EA3F7142F120F00FB81E9 /* bg_blue.jpg in Resources */ = {isa = PBXBuildFile; fileRef = 747EA3F5142F120F00FB81E9 /* bg_blue.jpg */; };
		747EA3F8142F120F00FB81E9 /* bg_blue_2.jpg in Resources */ = {isa = PBXBuildFile; fileRef = 747EA3F6142F120F00FB81E9 /* bg_blue_2.jpg */; };
		747EA401142F164E00FB81E9 /* bg_yellow.jpg in Resources */ = {isa = PBXBuildFile; fileRef = 747EA400142F164E00FB81E9 /* bg_yellow.jpg */; };
		747EA404142F177A00FB81E9 /* bg_water.jpg in Resources */ = {isa = PBXBuildFile; fileRef = 747EA402142F177A00FB81E9 /* bg_water.jpg */; };
		747EA405142F177A00FB81E9 /* bg_water_2.png in Resources */ = {isa = PBXBuildFile; fileRef = 747EA403142F177A00FB81E9 /* bg_water_2.png */; };
		747EA407142F1ABA00FB81E9 /* bg_gold.jpg in Resources */ = {isa = PBXBuildFile; fileRef = 747EA406142F1ABA00FB81E9 /* bg_gold.jpg */; };
		747FAF1B142DD0070083FBD8 /* PaperScrollViewController.xib in Resources */ = {isa = PBXBuildFile; fileRef = 747FAF1A142DD0060083FBD8 /* PaperScrollViewController.xib */; };
		747FAF1F142DD4040083FBD8 /* PageSnapView.m in Sources */ = {isa = PBXBuildFile; fileRef = 747FAF1E142DD4040083FBD8 /* PageSnapView.m */; };
		747FAF21142DD45E0083FBD8 /* PageSnapViewController.xib in Resources */ = {isa = PBXBuildFile; fileRef = 747FAF20142DD45D0083FBD8 /* PageSnapViewController.xib */; };
		747FAF24142DD8620083FBD8 /* PageSlider.m in Sources */ = {isa = PBXBuildFile; fileRef = 747FAF23142DD8610083FBD8 /* PageSlider.m */; };
		7485A54F142D5E90005A5196 /* ExamPaperViewController.m in Sources */ = {isa = PBXBuildFile; fileRef = 7485A54D142D5E90005A5196 /* ExamPaperViewController.m */; };
		7485A550142D5E90005A5196 /* ExamPaperViewController.xib in Resources */ = {isa = PBXBuildFile; fileRef = 7485A54E142D5E90005A5196 /* ExamPaperViewController.xib */; };
		7485A557142D5FE4005A5196 /* PaperScrollViewController.m in Sources */ = {isa = PBXBuildFile; fileRef = 7485A556142D5FE4005A5196 /* PaperScrollViewController.m */; };
		7485A55A142D619E005A5196 /* PaperQuestionView.m in Sources */ = {isa = PBXBuildFile; fileRef = 7485A559142D619E005A5196 /* PaperQuestionView.m */; };
		7485A55C142D6287005A5196 /* PaperQuestionView.xib in Resources */ = {isa = PBXBuildFile; fileRef = 7485A55B142D6287005A5196 /* PaperQuestionView.xib */; };
		7485A563142D6795005A5196 /* backward.png in Resources */ = {isa = PBXBuildFile; fileRef = 7485A55D142D6795005A5196 /* backward.png */; };
		7485A564142D6795005A5196 /* forward.png in Resources */ = {isa = PBXBuildFile; fileRef = 7485A55E142D6795005A5196 /* forward.png */; };
		7485A565142D6795005A5196 /* icon_bookmark.png in Resources */ = {isa = PBXBuildFile; fileRef = 7485A55F142D6795005A5196 /* icon_bookmark.png */; };
		7485A566142D6795005A5196 /* icon_bookmark_plain.png in Resources */ = {isa = PBXBuildFile; fileRef = 7485A560142D6795005A5196 /* icon_bookmark_plain.png */; };
		7485A567142D6795005A5196 /* sliderButton.png in Resources */ = {isa = PBXBuildFile; fileRef = 7485A561142D6795005A5196 /* sliderButton.png */; };
		7485A568142D6795005A5196 /* sliderButton_h.png in Resources */ = {isa = PBXBuildFile; fileRef = 7485A562142D6795005A5196 /* sliderButton_h.png */; };
		7485A56C142D6EE2005A5196 /* UIViewController+Addtion.m in Sources */ = {isa = PBXBuildFile; fileRef = 7485A56B142D6EE2005A5196 /* UIViewController+Addtion.m */; };
		7485A570142D74C4005A5196 /* PageSnapViewController.m in Sources */ = {isa = PBXBuildFile; fileRef = 7485A56F142D74C3005A5196 /* PageSnapViewController.m */; };
		7485A573142D7976005A5196 /* PaperPageSelector.m in Sources */ = {isa = PBXBuildFile; fileRef = 7485A572142D7975005A5196 /* PaperPageSelector.m */; };
		74866618143197210069923C /* Paper.m in Sources */ = {isa = PBXBuildFile; fileRef = 74866617143197210069923C /* Paper.m */; };
		7486661B1431A0500069923C /* right.png in Resources */ = {isa = PBXBuildFile; fileRef = 748666191431A0500069923C /* right.png */; };
		7486661C1431A0500069923C /* wrong.png in Resources */ = {isa = PBXBuildFile; fileRef = 7486661A1431A0500069923C /* wrong.png */; };
		7486661F1431A4530069923C /* PaperJudge.m in Sources */ = {isa = PBXBuildFile; fileRef = 7486661E1431A4530069923C /* PaperJudge.m */; };
		748666221431A4950069923C /* PaperResult.m in Sources */ = {isa = PBXBuildFile; fileRef = 748666211431A4950069923C /* PaperResult.m */; };
		748666261431B6000069923C /* PaperResultViewController.m in Sources */ = {isa = PBXBuildFile; fileRef = 748666241431B5FD0069923C /* PaperResultViewController.m */; };
		748666271431B6000069923C /* PaperResultViewController.xib in Resources */ = {isa = PBXBuildFile; fileRef = 748666251431B5FF0069923C /* PaperResultViewController.xib */; };
		748A3A051429AEE80054EB91 /* DataGenerationViewController.m in Sources */ = {isa = PBXBuildFile; fileRef = 748A3A031429AEE80054EB91 /* DataGenerationViewController.m */; };
		748A3A061429AEE80054EB91 /* DataGenerationViewController.xib in Resources */ = {isa = PBXBuildFile; fileRef = 748A3A041429AEE80054EB91 /* DataGenerationViewController.xib */; };
		748A3A191429B5960054EB91 /* DataGenerator.m in Sources */ = {isa = PBXBuildFile; fileRef = 748A3A181429B5960054EB91 /* DataGenerator.m */; };
		748A3A1E1429E1B40054EB91 /* 2002-1.txt in Resources */ = {isa = PBXBuildFile; fileRef = 748A3A1B1429E1B40054EB91 /* 2002-1.txt */; };
		748A3A1F1429E1B40054EB91 /* 2002-2.txt in Resources */ = {isa = PBXBuildFile; fileRef = 748A3A1C1429E1B40054EB91 /* 2002-2.txt */; };
		748A3A201429E1B40054EB91 /* 2002-3.txt in Resources */ = {isa = PBXBuildFile; fileRef = 748A3A1D1429E1B40054EB91 /* 2002-3.txt */; };
		748A615514277BF20064477A /* OptionCell.xib in Resources */ = {isa = PBXBuildFile; fileRef = 748A615414277BF20064477A /* OptionCell.xib */; };
		748A615814277C090064477A /* OptionCell.m in Sources */ = {isa = PBXBuildFile; fileRef = 748A615714277C090064477A /* OptionCell.m */; };
		748A615B142780060064477A /* CellUtil.m in Sources */ = {isa = PBXBuildFile; fileRef = 748A615A142780060064477A /* CellUtil.m */; };
		748AFB56142C57EA0029ACFB /* bg_3d.jpg in Resources */ = {isa = PBXBuildFile; fileRef = 748AFB54142C57EA0029ACFB /* bg_3d.jpg */; };
		748AFB57142C57EA0029ACFB /* bg_gray.jpg in Resources */ = {isa = PBXBuildFile; fileRef = 748AFB55142C57EA0029ACFB /* bg_gray.jpg */; };
		748AFB5C142C5B9A0029ACFB /* ExamPreConfigViewController.m in Sources */ = {isa = PBXBuildFile; fileRef = 748AFB5A142C5B9A0029ACFB /* ExamPreConfigViewController.m */; };
		748AFB5D142C5B9A0029ACFB /* ExamPreConfigViewController.xib in Resources */ = {isa = PBXBuildFile; fileRef = 748AFB5B142C5B9A0029ACFB /* ExamPreConfigViewController.xib */; };
		748AFB69142C8CE30029ACFB /* button_blue.png in Resources */ = {isa = PBXBuildFile; fileRef = 748AFB68142C8CE30029ACFB /* button_blue.png */; };
		748AFB6B142C8F150029ACFB /* button_gold.png in Resources */ = {isa = PBXBuildFile; fileRef = 748AFB6A142C8F150029ACFB /* button_gold.png */; };
		748C8A4B14304E660092E9CE /* button_blue_small.png in Resources */ = {isa = PBXBuildFile; fileRef = 748C8A4A14304E650092E9CE /* button_blue_small.png */; };
		748C8A5014305AC80092E9CE /* ExamSummaryViewController.m in Sources */ = {isa = PBXBuildFile; fileRef = 748C8A4E14305AC70092E9CE /* ExamSummaryViewController.m */; };
		748C8A5114305AC80092E9CE /* ExamSummaryViewController.xib in Resources */ = {isa = PBXBuildFile; fileRef = 748C8A4F14305AC80092E9CE /* ExamSummaryViewController.xib */; };
		748D25E4142F7C4F0035318E /* button_round_blue.png in Resources */ = {isa = PBXBuildFile; fileRef = 748D25E3142F7C4F0035318E /* button_round_blue.png */; };
		74949CC4142AD08900442A9B /* GeneratedQuestion.m in Sources */ = {isa = PBXBuildFile; fileRef = 74949CC3142AD08900442A9B /* GeneratedQuestion.m */; };
		74949D02142B007200442A9B /* 2002-4.txt in Resources */ = {isa = PBXBuildFile; fileRef = 74949CE2142B007200442A9B /* 2002-4.txt */; };
		74949D03142B007200442A9B /* 2003-1.txt in Resources */ = {isa = PBXBuildFile; fileRef = 74949CE3142B007200442A9B /* 2003-1.txt */; };
		74949D04142B007200442A9B /* 2003-2.txt in Resources */ = {isa = PBXBuildFile; fileRef = 74949CE4142B007200442A9B /* 2003-2.txt */; };
		74949D05142B007200442A9B /* 2003-3.txt in Resources */ = {isa = PBXBuildFile; fileRef = 74949CE5142B007200442A9B /* 2003-3.txt */; };
		74949D06142B007200442A9B /* 2003-4.txt in Resources */ = {isa = PBXBuildFile; fileRef = 74949CE6142B007200442A9B /* 2003-4.txt */; };
		74949D07142B007200442A9B /* 2004-1.txt in Resources */ = {isa = PBXBuildFile; fileRef = 74949CE7142B007200442A9B /* 2004-1.txt */; };
		74949D08142B007200442A9B /* 2004-2.txt in Resources */ = {isa = PBXBuildFile; fileRef = 74949CE8142B007200442A9B /* 2004-2.txt */; };
		74949D09142B007200442A9B /* 2004-3.txt in Resources */ = {isa = PBXBuildFile; fileRef = 74949CE9142B007200442A9B /* 2004-3.txt */; };
		74949D0A142B007200442A9B /* 2004-4.txt in Resources */ = {isa = PBXBuildFile; fileRef = 74949CEA142B007200442A9B /* 2004-4.txt */; };
		74949D0B142B007200442A9B /* 2005-1.txt in Resources */ = {isa = PBXBuildFile; fileRef = 74949CEB142B007200442A9B /* 2005-1.txt */; };
		74949D0C142B007200442A9B /* 2005-2.txt in Resources */ = {isa = PBXBuildFile; fileRef = 74949CEC142B007200442A9B /* 2005-2.txt */; };
		74949D0D142B007200442A9B /* 2005-3.txt in Resources */ = {isa = PBXBuildFile; fileRef = 74949CED142B007200442A9B /* 2005-3.txt */; };
		74949D0E142B007200442A9B /* 2005-4.txt in Resources */ = {isa = PBXBuildFile; fileRef = 74949CEE142B007200442A9B /* 2005-4.txt */; };
		74949D0F142B007200442A9B /* 2006-1.txt in Resources */ = {isa = PBXBuildFile; fileRef = 74949CEF142B007200442A9B /* 2006-1.txt */; };
		74949D10142B007200442A9B /* 2006-2.txt in Resources */ = {isa = PBXBuildFile; fileRef = 74949CF0142B007200442A9B /* 2006-2.txt */; };
		74949D11142B007200442A9B /* 2006-3.txt in Resources */ = {isa = PBXBuildFile; fileRef = 74949CF1142B007200442A9B /* 2006-3.txt */; };
		74949D12142B007200442A9B /* 2006-4.txt in Resources */ = {isa = PBXBuildFile; fileRef = 74949CF2142B007200442A9B /* 2006-4.txt */; };
		74949D13142B007200442A9B /* 2007-1.txt in Resources */ = {isa = PBXBuildFile; fileRef = 74949CF3142B007200442A9B /* 2007-1.txt */; };
		74949D14142B007200442A9B /* 2007-2.txt in Resources */ = {isa = PBXBuildFile; fileRef = 74949CF4142B007200442A9B /* 2007-2.txt */; };
		74949D15142B007200442A9B /* 2007-3.txt in Resources */ = {isa = PBXBuildFile; fileRef = 74949CF5142B007200442A9B /* 2007-3.txt */; };
		74949D16142B007200442A9B /* 2008-1.txt in Resources */ = {isa = PBXBuildFile; fileRef = 74949CF6142B007200442A9B /* 2008-1.txt */; };
		74949D17142B007200442A9B /* 2008-2.txt in Resources */ = {isa = PBXBuildFile; fileRef = 74949CF7142B007200442A9B /* 2008-2.txt */; };
		74949D18142B007200442A9B /* 2008-3.txt in Resources */ = {isa = PBXBuildFile; fileRef = 74949CF8142B007200442A9B /* 2008-3.txt */; };
		74949D19142B007200442A9B /* 2008-4.txt in Resources */ = {isa = PBXBuildFile; fileRef = 74949CF9142B007200442A9B /* 2008-4.txt */; };
		74949D1A142B007200442A9B /* 2009-1.txt in Resources */ = {isa = PBXBuildFile; fileRef = 74949CFA142B007200442A9B /* 2009-1.txt */; };
		74949D1B142B007200442A9B /* 2009-2.txt in Resources */ = {isa = PBXBuildFile; fileRef = 74949CFB142B007200442A9B /* 2009-2.txt */; };
		74949D1C142B007200442A9B /* 2009-3.txt in Resources */ = {isa = PBXBuildFile; fileRef = 74949CFC142B007200442A9B /* 2009-3.txt */; };
		74949D1D142B007200442A9B /* 2009-4.txt in Resources */ = {isa = PBXBuildFile; fileRef = 74949CFD142B007200442A9B /* 2009-4.txt */; };
		74949D1E142B007200442A9B /* 2010-1.txt in Resources */ = {isa = PBXBuildFile; fileRef = 74949CFE142B007200442A9B /* 2010-1.txt */; };
		74949D1F142B007200442A9B /* 2010-2.txt in Resources */ = {isa = PBXBuildFile; fileRef = 74949CFF142B007200442A9B /* 2010-2.txt */; };
		74949D20142B007200442A9B /* 2010-3.txt in Resources */ = {isa = PBXBuildFile; fileRef = 74949D00142B007200442A9B /* 2010-3.txt */; };
		74949D21142B007200442A9B /* 2010-4.txt in Resources */ = {isa = PBXBuildFile; fileRef = 74949D01142B007200442A9B /* 2010-4.txt */; };
		74949D31142B759700442A9B /* QuestionListCell.m in Sources */ = {isa = PBXBuildFile; fileRef = 74949D30142B759700442A9B /* QuestionListCell.m */; };
		74949D33142B75AB00442A9B /* QuestionListCell.xib in Resources */ = {isa = PBXBuildFile; fileRef = 74949D32142B75AB00442A9B /* QuestionListCell.xib */; };
		7497654B142CA35F0012BDA4 /* Answer.m in Sources */ = {isa = PBXBuildFile; fileRef = 7497654A142CA35E0012BDA4 /* Answer.m */; };
		74976554142CA35F0012BDA4 /* Option.m in Sources */ = {isa = PBXBuildFile; fileRef = 74976553142CA35F0012BDA4 /* Option.m */; };
		74976557142CA7FB0012BDA4 /* PaperGenerator.m in Sources */ = {isa = PBXBuildFile; fileRef = 74976556142CA7FB0012BDA4 /* PaperGenerator.m */; };
		74AD4DB414335588006171DC /* AnalysisViewController.m in Sources */ = {isa = PBXBuildFile; fileRef = 74AD4DB214335587006171DC /* AnalysisViewController.m */; };
		74AD4DB514335588006171DC /* AnalysisViewController.xib in Resources */ = {isa = PBXBuildFile; fileRef = 74AD4DB314335588006171DC /* AnalysisViewController.xib */; };
		74AD4DB914335DE6006171DC /* Question.m in Sources */ = {isa = PBXBuildFile; fileRef = 74AD4DB814335DE6006171DC /* Question.m */; };
		74AD4DBC14335DE6006171DC /* Bookmark.m in Sources */ = {isa = PBXBuildFile; fileRef = 74AD4DBB14335DE6006171DC /* Bookmark.m */; };
		74CB2DA2142868AF00D21776 /* JudicialExamOriginData.plist in Resources */ = {isa = PBXBuildFile; fileRef = 74CB2DA1142868AF00D21776 /* JudicialExamOriginData.plist */; };
		74D0253714257F3000A7D24C /* OptionEditViewController.m in Sources */ = {isa = PBXBuildFile; fileRef = 74D0253514257F3000A7D24C /* OptionEditViewController.m */; };
		74D0253814257F3000A7D24C /* OptionEditViewController.xib in Resources */ = {isa = PBXBuildFile; fileRef = 74D0253614257F3000A7D24C /* OptionEditViewController.xib */; };
		C42397461422E18400D79AFC /* Util.m in Sources */ = {isa = PBXBuildFile; fileRef = C42397451422E18400D79AFC /* Util.m */; };
		C4BE639F14218D1200B6ED2C /* UIKit.framework in Frameworks */ = {isa = PBXBuildFile; fileRef = C4BE639E14218D1200B6ED2C /* UIKit.framework */; };
		C4BE63A114218D1200B6ED2C /* Foundation.framework in Frameworks */ = {isa = PBXBuildFile; fileRef = C4BE63A014218D1200B6ED2C /* Foundation.framework */; };
		C4BE63A314218D1200B6ED2C /* CoreGraphics.framework in Frameworks */ = {isa = PBXBuildFile; fileRef = C4BE63A214218D1200B6ED2C /* CoreGraphics.framework */; };
		C4BE63A914218D1200B6ED2C /* InfoPlist.strings in Resources */ = {isa = PBXBuildFile; fileRef = C4BE63A714218D1200B6ED2C /* InfoPlist.strings */; };
		C4BE63AC14218D1200B6ED2C /* main.m in Sources */ = {isa = PBXBuildFile; fileRef = C4BE63AB14218D1200B6ED2C /* main.m */; };
		C4BE63AF14218D1200B6ED2C /* JudicialExamAppDelegate.m in Sources */ = {isa = PBXBuildFile; fileRef = C4BE63AE14218D1200B6ED2C /* JudicialExamAppDelegate.m */; };
		C4BE63B214218D1200B6ED2C /* MainWindow.xib in Resources */ = {isa = PBXBuildFile; fileRef = C4BE63B014218D1200B6ED2C /* MainWindow.xib */; };
		C4BE63C514218D1200B6ED2C /* UIKit.framework in Frameworks */ = {isa = PBXBuildFile; fileRef = C4BE639E14218D1200B6ED2C /* UIKit.framework */; };
		C4BE63C614218D1200B6ED2C /* Foundation.framework in Frameworks */ = {isa = PBXBuildFile; fileRef = C4BE63A014218D1200B6ED2C /* Foundation.framework */; };
		C4BE63C714218D1200B6ED2C /* CoreGraphics.framework in Frameworks */ = {isa = PBXBuildFile; fileRef = C4BE63A214218D1200B6ED2C /* CoreGraphics.framework */; };
		C4BE63CF14218D1200B6ED2C /* InfoPlist.strings in Resources */ = {isa = PBXBuildFile; fileRef = C4BE63CD14218D1200B6ED2C /* InfoPlist.strings */; };
		C4BE63D214218D1200B6ED2C /* JudicialExamTests.h in Resources */ = {isa = PBXBuildFile; fileRef = C4BE63D114218D1200B6ED2C /* JudicialExamTests.h */; };
		C4BE63D414218D1200B6ED2C /* JudicialExamTests.m in Sources */ = {isa = PBXBuildFile; fileRef = C4BE63D314218D1200B6ED2C /* JudicialExamTests.m */; };
		C4BE64001421D9AA00B6ED2C /* CoreData.framework in Frameworks */ = {isa = PBXBuildFile; fileRef = C4BE63FF1421D9AA00B6ED2C /* CoreData.framework */; };
		C4BE64051421DC9A00B6ED2C /* JudicialExam.xcdatamodeld in Sources */ = {isa = PBXBuildFile; fileRef = C4BE64031421DC9A00B6ED2C /* JudicialExam.xcdatamodeld */; };
		C4BE64271421EED500B6ED2C /* PaperMaker.m in Sources */ = {isa = PBXBuildFile; fileRef = C4BE64261421EED500B6ED2C /* PaperMaker.m */; };
		C4BE64361421FC8B00B6ED2C /* ExaminationViewController.m in Sources */ = {isa = PBXBuildFile; fileRef = C4BE64301421FC8B00B6ED2C /* ExaminationViewController.m */; };
		C4BE64371421FC8B00B6ED2C /* ExaminationViewController.xib in Resources */ = {isa = PBXBuildFile; fileRef = C4BE64311421FC8B00B6ED2C /* ExaminationViewController.xib */; };
		C4BE64381421FC8B00B6ED2C /* QuestionEditViewController.m in Sources */ = {isa = PBXBuildFile; fileRef = C4BE64341421FC8B00B6ED2C /* QuestionEditViewController.m */; };
		C4BE64391421FC8B00B6ED2C /* QuestionEditViewController.xib in Resources */ = {isa = PBXBuildFile; fileRef = C4BE64351421FC8B00B6ED2C /* QuestionEditViewController.xib */; };
		C4BE643D1421FCA500B6ED2C /* QuestionListViewController.m in Sources */ = {isa = PBXBuildFile; fileRef = C4BE643B1421FCA500B6ED2C /* QuestionListViewController.m */; };
		C4BE643E1421FCA500B6ED2C /* QuestionListViewController.xib in Resources */ = {isa = PBXBuildFile; fileRef = C4BE643C1421FCA500B6ED2C /* QuestionListViewController.xib */; };
/* End PBXBuildFile section */

/* Begin PBXContainerItemProxy section */
		C4BE63C814218D1200B6ED2C /* PBXContainerItemProxy */ = {
			isa = PBXContainerItemProxy;
			containerPortal = C4BE639114218D1200B6ED2C /* Project object */;
			proxyType = 1;
			remoteGlobalIDString = C4BE639914218D1200B6ED2C;
			remoteInfo = JudicialExam;
		};
/* End PBXContainerItemProxy section */

/* Begin PBXFileReference section */
		7461A9FB14306146005FD7F3 /* cell.png */ = {isa = PBXFileReference; lastKnownFileType = image.png; path = cell.png; sourceTree = "<group>"; };
		7461A9FC14306146005FD7F3 /* cell_selected.png */ = {isa = PBXFileReference; lastKnownFileType = image.png; path = cell_selected.png; sourceTree = "<group>"; };
		7461AA171430C9B7005FD7F3 /* Record.h */ = {isa = PBXFileReference; fileEncoding = 4; lastKnownFileType = sourcecode.c.h; path = Record.h; sourceTree = "<group>"; };
		7461AA181430C9B7005FD7F3 /* Record.m */ = {isa = PBXFileReference; fileEncoding = 4; lastKnownFileType = sourcecode.c.objc; path = Record.m; sourceTree = "<group>"; };
		747EA3E8142EB93700FB81E9 /* yuna.png */ = {isa = PBXFileReference; lastKnownFileType = image.png; path = yuna.png; sourceTree = "<group>"; };
		747EA3EB142F091400FB81E9 /* button_check_off.png */ = {isa = PBXFileReference; lastKnownFileType = image.png; path = button_check_off.png; sourceTree = "<group>"; };
		747EA3EC142F091400FB81E9 /* button_check_on.png */ = {isa = PBXFileReference; lastKnownFileType = image.png; path = button_check_on.png; sourceTree = "<group>"; };
		747EA3ED142F091400FB81E9 /* button_radio_off.png */ = {isa = PBXFileReference; lastKnownFileType = image.png; path = button_radio_off.png; sourceTree = "<group>"; };
		747EA3EE142F091400FB81E9 /* button_radio_on.png */ = {isa = PBXFileReference; lastKnownFileType = image.png; path = button_radio_on.png; sourceTree = "<group>"; };
		747EA3F3142F0F2500FB81E9 /* button_black_e.png */ = {isa = PBXFileReference; lastKnownFileType = image.png; path = button_black_e.png; sourceTree = "<group>"; };
		747EA3F5142F120F00FB81E9 /* bg_blue.jpg */ = {isa = PBXFileReference; lastKnownFileType = image.jpeg; path = bg_blue.jpg; sourceTree = "<group>"; };
		747EA3F6142F120F00FB81E9 /* bg_blue_2.jpg */ = {isa = PBXFileReference; lastKnownFileType = image.jpeg; path = bg_blue_2.jpg; sourceTree = "<group>"; };
		747EA400142F164E00FB81E9 /* bg_yellow.jpg */ = {isa = PBXFileReference; lastKnownFileType = image.jpeg; path = bg_yellow.jpg; sourceTree = "<group>"; };
		747EA402142F177A00FB81E9 /* bg_water.jpg */ = {isa = PBXFileReference; lastKnownFileType = image.jpeg; path = bg_water.jpg; sourceTree = "<group>"; };
		747EA403142F177A00FB81E9 /* bg_water_2.png */ = {isa = PBXFileReference; lastKnownFileType = image.png; path = bg_water_2.png; sourceTree = "<group>"; };
		747EA406142F1ABA00FB81E9 /* bg_gold.jpg */ = {isa = PBXFileReference; lastKnownFileType = image.jpeg; path = bg_gold.jpg; sourceTree = "<group>"; };
		747FAF1A142DD0060083FBD8 /* PaperScrollViewController.xib */ = {isa = PBXFileReference; fileEncoding = 4; lastKnownFileType = file.xib; path = PaperScrollViewController.xib; sourceTree = "<group>"; };
		747FAF1D142DD4030083FBD8 /* PageSnapView.h */ = {isa = PBXFileReference; fileEncoding = 4; lastKnownFileType = sourcecode.c.h; path = PageSnapView.h; sourceTree = "<group>"; };
		747FAF1E142DD4040083FBD8 /* PageSnapView.m */ = {isa = PBXFileReference; fileEncoding = 4; lastKnownFileType = sourcecode.c.objc; path = PageSnapView.m; sourceTree = "<group>"; };
		747FAF20142DD45D0083FBD8 /* PageSnapViewController.xib */ = {isa = PBXFileReference; fileEncoding = 4; lastKnownFileType = file.xib; path = PageSnapViewController.xib; sourceTree = "<group>"; };
		747FAF22142DD8600083FBD8 /* PageSlider.h */ = {isa = PBXFileReference; fileEncoding = 4; lastKnownFileType = sourcecode.c.h; path = PageSlider.h; sourceTree = "<group>"; };
		747FAF23142DD8610083FBD8 /* PageSlider.m */ = {isa = PBXFileReference; fileEncoding = 4; lastKnownFileType = sourcecode.c.objc; path = PageSlider.m; sourceTree = "<group>"; };
		7485A54C142D5E90005A5196 /* ExamPaperViewController.h */ = {isa = PBXFileReference; fileEncoding = 4; lastKnownFileType = sourcecode.c.h; path = ExamPaperViewController.h; sourceTree = "<group>"; };
		7485A54D142D5E90005A5196 /* ExamPaperViewController.m */ = {isa = PBXFileReference; fileEncoding = 4; lastKnownFileType = sourcecode.c.objc; path = ExamPaperViewController.m; sourceTree = "<group>"; };
		7485A54E142D5E90005A5196 /* ExamPaperViewController.xib */ = {isa = PBXFileReference; fileEncoding = 4; lastKnownFileType = file.xib; path = ExamPaperViewController.xib; sourceTree = "<group>"; };
		7485A555142D5FE4005A5196 /* PaperScrollViewController.h */ = {isa = PBXFileReference; fileEncoding = 4; lastKnownFileType = sourcecode.c.h; path = PaperScrollViewController.h; sourceTree = "<group>"; };
		7485A556142D5FE4005A5196 /* PaperScrollViewController.m */ = {isa = PBXFileReference; fileEncoding = 4; lastKnownFileType = sourcecode.c.objc; path = PaperScrollViewController.m; sourceTree = "<group>"; };
		7485A558142D619E005A5196 /* PaperQuestionView.h */ = {isa = PBXFileReference; fileEncoding = 4; lastKnownFileType = sourcecode.c.h; path = PaperQuestionView.h; sourceTree = "<group>"; };
		7485A559142D619E005A5196 /* PaperQuestionView.m */ = {isa = PBXFileReference; fileEncoding = 4; lastKnownFileType = sourcecode.c.objc; path = PaperQuestionView.m; sourceTree = "<group>"; };
		7485A55B142D6287005A5196 /* PaperQuestionView.xib */ = {isa = PBXFileReference; fileEncoding = 4; lastKnownFileType = file.xib; path = PaperQuestionView.xib; sourceTree = "<group>"; };
		7485A55D142D6795005A5196 /* backward.png */ = {isa = PBXFileReference; lastKnownFileType = image.png; path = backward.png; sourceTree = "<group>"; };
		7485A55E142D6795005A5196 /* forward.png */ = {isa = PBXFileReference; lastKnownFileType = image.png; path = forward.png; sourceTree = "<group>"; };
		7485A55F142D6795005A5196 /* icon_bookmark.png */ = {isa = PBXFileReference; lastKnownFileType = image.png; path = icon_bookmark.png; sourceTree = "<group>"; };
		7485A560142D6795005A5196 /* icon_bookmark_plain.png */ = {isa = PBXFileReference; lastKnownFileType = image.png; path = icon_bookmark_plain.png; sourceTree = "<group>"; };
		7485A561142D6795005A5196 /* sliderButton.png */ = {isa = PBXFileReference; lastKnownFileType = image.png; path = sliderButton.png; sourceTree = "<group>"; };
		7485A562142D6795005A5196 /* sliderButton_h.png */ = {isa = PBXFileReference; lastKnownFileType = image.png; path = sliderButton_h.png; sourceTree = "<group>"; };
		7485A56A142D6EE2005A5196 /* UIViewController+Addtion.h */ = {isa = PBXFileReference; fileEncoding = 4; lastKnownFileType = sourcecode.c.h; path = "UIViewController+Addtion.h"; sourceTree = "<group>"; };
		7485A56B142D6EE2005A5196 /* UIViewController+Addtion.m */ = {isa = PBXFileReference; fileEncoding = 4; lastKnownFileType = sourcecode.c.objc; path = "UIViewController+Addtion.m"; sourceTree = "<group>"; };
		7485A56E142D74C3005A5196 /* PageSnapViewController.h */ = {isa = PBXFileReference; fileEncoding = 4; lastKnownFileType = sourcecode.c.h; path = PageSnapViewController.h; sourceTree = "<group>"; };
		7485A56F142D74C3005A5196 /* PageSnapViewController.m */ = {isa = PBXFileReference; fileEncoding = 4; lastKnownFileType = sourcecode.c.objc; path = PageSnapViewController.m; sourceTree = "<group>"; };
		7485A571142D7975005A5196 /* PaperPageSelector.h */ = {isa = PBXFileReference; fileEncoding = 4; lastKnownFileType = sourcecode.c.h; path = PaperPageSelector.h; sourceTree = "<group>"; };
		7485A572142D7975005A5196 /* PaperPageSelector.m */ = {isa = PBXFileReference; fileEncoding = 4; lastKnownFileType = sourcecode.c.objc; path = PaperPageSelector.m; sourceTree = "<group>"; };
		74866616143197210069923C /* Paper.h */ = {isa = PBXFileReference; fileEncoding = 4; lastKnownFileType = sourcecode.c.h; path = Paper.h; sourceTree = "<group>"; };
		74866617143197210069923C /* Paper.m */ = {isa = PBXFileReference; fileEncoding = 4; lastKnownFileType = sourcecode.c.objc; path = Paper.m; sourceTree = "<group>"; };
		748666191431A0500069923C /* right.png */ = {isa = PBXFileReference; lastKnownFileType = image.png; path = right.png; sourceTree = "<group>"; };
		7486661A1431A0500069923C /* wrong.png */ = {isa = PBXFileReference; lastKnownFileType = image.png; path = wrong.png; sourceTree = "<group>"; };
		7486661D1431A4530069923C /* PaperJudge.h */ = {isa = PBXFileReference; fileEncoding = 4; lastKnownFileType = sourcecode.c.h; path = PaperJudge.h; sourceTree = "<group>"; };
		7486661E1431A4530069923C /* PaperJudge.m */ = {isa = PBXFileReference; fileEncoding = 4; lastKnownFileType = sourcecode.c.objc; path = PaperJudge.m; sourceTree = "<group>"; };
		748666201431A4950069923C /* PaperResult.h */ = {isa = PBXFileReference; fileEncoding = 4; lastKnownFileType = sourcecode.c.h; path = PaperResult.h; sourceTree = "<group>"; };
		748666211431A4950069923C /* PaperResult.m */ = {isa = PBXFileReference; fileEncoding = 4; lastKnownFileType = sourcecode.c.objc; path = PaperResult.m; sourceTree = "<group>"; };
		748666231431B5FD0069923C /* PaperResultViewController.h */ = {isa = PBXFileReference; fileEncoding = 4; lastKnownFileType = sourcecode.c.h; path = PaperResultViewController.h; sourceTree = "<group>"; };
		748666241431B5FD0069923C /* PaperResultViewController.m */ = {isa = PBXFileReference; fileEncoding = 4; lastKnownFileType = sourcecode.c.objc; path = PaperResultViewController.m; sourceTree = "<group>"; };
		748666251431B5FF0069923C /* PaperResultViewController.xib */ = {isa = PBXFileReference; fileEncoding = 4; lastKnownFileType = file.xib; path = PaperResultViewController.xib; sourceTree = "<group>"; };
		748666281431BA930069923C /* SummaryProtocol.h */ = {isa = PBXFileReference; fileEncoding = 4; lastKnownFileType = sourcecode.c.h; path = SummaryProtocol.h; sourceTree = "<group>"; };
		748A3A021429AEE80054EB91 /* DataGenerationViewController.h */ = {isa = PBXFileReference; fileEncoding = 4; lastKnownFileType = sourcecode.c.h; path = DataGenerationViewController.h; sourceTree = "<group>"; };
		748A3A031429AEE80054EB91 /* DataGenerationViewController.m */ = {isa = PBXFileReference; fileEncoding = 4; lastKnownFileType = sourcecode.c.objc; path = DataGenerationViewController.m; sourceTree = "<group>"; };
		748A3A041429AEE80054EB91 /* DataGenerationViewController.xib */ = {isa = PBXFileReference; fileEncoding = 4; lastKnownFileType = file.xib; path = DataGenerationViewController.xib; sourceTree = "<group>"; };
		748A3A171429B5960054EB91 /* DataGenerator.h */ = {isa = PBXFileReference; fileEncoding = 4; lastKnownFileType = sourcecode.c.h; path = DataGenerator.h; sourceTree = "<group>"; };
		748A3A181429B5960054EB91 /* DataGenerator.m */ = {isa = PBXFileReference; fileEncoding = 4; lastKnownFileType = sourcecode.c.objc; path = DataGenerator.m; sourceTree = "<group>"; };
		748A3A1B1429E1B40054EB91 /* 2002-1.txt */ = {isa = PBXFileReference; fileEncoding = 4; lastKnownFileType = text; path = "2002-1.txt"; sourceTree = "<group>"; };
		748A3A1C1429E1B40054EB91 /* 2002-2.txt */ = {isa = PBXFileReference; fileEncoding = 4; lastKnownFileType = text; path = "2002-2.txt"; sourceTree = "<group>"; };
		748A3A1D1429E1B40054EB91 /* 2002-3.txt */ = {isa = PBXFileReference; fileEncoding = 4; lastKnownFileType = text; path = "2002-3.txt"; sourceTree = "<group>"; };
		748A615414277BF20064477A /* OptionCell.xib */ = {isa = PBXFileReference; fileEncoding = 4; lastKnownFileType = file.xib; path = OptionCell.xib; sourceTree = "<group>"; };
		748A615614277C090064477A /* OptionCell.h */ = {isa = PBXFileReference; fileEncoding = 4; lastKnownFileType = sourcecode.c.h; path = OptionCell.h; sourceTree = "<group>"; };
		748A615714277C090064477A /* OptionCell.m */ = {isa = PBXFileReference; fileEncoding = 4; lastKnownFileType = sourcecode.c.objc; path = OptionCell.m; sourceTree = "<group>"; };
		748A6159142780060064477A /* CellUtil.h */ = {isa = PBXFileReference; fileEncoding = 4; lastKnownFileType = sourcecode.c.h; path = CellUtil.h; sourceTree = "<group>"; };
		748A615A142780060064477A /* CellUtil.m */ = {isa = PBXFileReference; fileEncoding = 4; lastKnownFileType = sourcecode.c.objc; path = CellUtil.m; sourceTree = "<group>"; };
		748AFB54142C57EA0029ACFB /* bg_3d.jpg */ = {isa = PBXFileReference; lastKnownFileType = image.jpeg; path = bg_3d.jpg; sourceTree = "<group>"; };
		748AFB55142C57EA0029ACFB /* bg_gray.jpg */ = {isa = PBXFileReference; lastKnownFileType = image.jpeg; path = bg_gray.jpg; sourceTree = "<group>"; };
		748AFB59142C5B9A0029ACFB /* ExamPreConfigViewController.h */ = {isa = PBXFileReference; fileEncoding = 4; lastKnownFileType = sourcecode.c.h; path = ExamPreConfigViewController.h; sourceTree = "<group>"; };
		748AFB5A142C5B9A0029ACFB /* ExamPreConfigViewController.m */ = {isa = PBXFileReference; fileEncoding = 4; lastKnownFileType = sourcecode.c.objc; path = ExamPreConfigViewController.m; sourceTree = "<group>"; };
		748AFB5B142C5B9A0029ACFB /* ExamPreConfigViewController.xib */ = {isa = PBXFileReference; fileEncoding = 4; lastKnownFileType = file.xib; path = ExamPreConfigViewController.xib; sourceTree = "<group>"; };
		748AFB68142C8CE30029ACFB /* button_blue.png */ = {isa = PBXFileReference; lastKnownFileType = image.png; path = button_blue.png; sourceTree = "<group>"; };
		748AFB6A142C8F150029ACFB /* button_gold.png */ = {isa = PBXFileReference; lastKnownFileType = image.png; path = button_gold.png; sourceTree = "<group>"; };
		748C8A4A14304E650092E9CE /* button_blue_small.png */ = {isa = PBXFileReference; lastKnownFileType = image.png; path = button_blue_small.png; sourceTree = "<group>"; };
		748C8A4D14305AC70092E9CE /* ExamSummaryViewController.h */ = {isa = PBXFileReference; fileEncoding = 4; lastKnownFileType = sourcecode.c.h; path = ExamSummaryViewController.h; sourceTree = "<group>"; };
		748C8A4E14305AC70092E9CE /* ExamSummaryViewController.m */ = {isa = PBXFileReference; fileEncoding = 4; lastKnownFileType = sourcecode.c.objc; path = ExamSummaryViewController.m; sourceTree = "<group>"; };
		748C8A4F14305AC80092E9CE /* ExamSummaryViewController.xib */ = {isa = PBXFileReference; fileEncoding = 4; lastKnownFileType = file.xib; path = ExamSummaryViewController.xib; sourceTree = "<group>"; };
		748D25E3142F7C4F0035318E /* button_round_blue.png */ = {isa = PBXFileReference; lastKnownFileType = image.png; path = button_round_blue.png; sourceTree = "<group>"; };
		74949CC2142AD08900442A9B /* GeneratedQuestion.h */ = {isa = PBXFileReference; fileEncoding = 4; lastKnownFileType = sourcecode.c.h; path = GeneratedQuestion.h; sourceTree = "<group>"; };
		74949CC3142AD08900442A9B /* GeneratedQuestion.m */ = {isa = PBXFileReference; fileEncoding = 4; lastKnownFileType = sourcecode.c.objc; path = GeneratedQuestion.m; sourceTree = "<group>"; };
		74949CE2142B007200442A9B /* 2002-4.txt */ = {isa = PBXFileReference; fileEncoding = 4; lastKnownFileType = text; path = "2002-4.txt"; sourceTree = "<group>"; };
		74949CE3142B007200442A9B /* 2003-1.txt */ = {isa = PBXFileReference; fileEncoding = 4; lastKnownFileType = text; path = "2003-1.txt"; sourceTree = "<group>"; };
		74949CE4142B007200442A9B /* 2003-2.txt */ = {isa = PBXFileReference; fileEncoding = 4; lastKnownFileType = text; path = "2003-2.txt"; sourceTree = "<group>"; };
		74949CE5142B007200442A9B /* 2003-3.txt */ = {isa = PBXFileReference; fileEncoding = 4; lastKnownFileType = text; path = "2003-3.txt"; sourceTree = "<group>"; };
		74949CE6142B007200442A9B /* 2003-4.txt */ = {isa = PBXFileReference; fileEncoding = 4; lastKnownFileType = text; path = "2003-4.txt"; sourceTree = "<group>"; };
		74949CE7142B007200442A9B /* 2004-1.txt */ = {isa = PBXFileReference; fileEncoding = 4; lastKnownFileType = text; path = "2004-1.txt"; sourceTree = "<group>"; };
		74949CE8142B007200442A9B /* 2004-2.txt */ = {isa = PBXFileReference; fileEncoding = 4; lastKnownFileType = text; path = "2004-2.txt"; sourceTree = "<group>"; };
		74949CE9142B007200442A9B /* 2004-3.txt */ = {isa = PBXFileReference; fileEncoding = 4; lastKnownFileType = text; path = "2004-3.txt"; sourceTree = "<group>"; };
		74949CEA142B007200442A9B /* 2004-4.txt */ = {isa = PBXFileReference; fileEncoding = 4; lastKnownFileType = text; path = "2004-4.txt"; sourceTree = "<group>"; };
		74949CEB142B007200442A9B /* 2005-1.txt */ = {isa = PBXFileReference; fileEncoding = 4; lastKnownFileType = text; path = "2005-1.txt"; sourceTree = "<group>"; };
		74949CEC142B007200442A9B /* 2005-2.txt */ = {isa = PBXFileReference; fileEncoding = 4; lastKnownFileType = text; path = "2005-2.txt"; sourceTree = "<group>"; };
		74949CED142B007200442A9B /* 2005-3.txt */ = {isa = PBXFileReference; fileEncoding = 4; lastKnownFileType = text; path = "2005-3.txt"; sourceTree = "<group>"; };
		74949CEE142B007200442A9B /* 2005-4.txt */ = {isa = PBXFileReference; fileEncoding = 4; lastKnownFileType = text; path = "2005-4.txt"; sourceTree = "<group>"; };
		74949CEF142B007200442A9B /* 2006-1.txt */ = {isa = PBXFileReference; fileEncoding = 4; lastKnownFileType = text; path = "2006-1.txt"; sourceTree = "<group>"; };
		74949CF0142B007200442A9B /* 2006-2.txt */ = {isa = PBXFileReference; fileEncoding = 4; lastKnownFileType = text; path = "2006-2.txt"; sourceTree = "<group>"; };
		74949CF1142B007200442A9B /* 2006-3.txt */ = {isa = PBXFileReference; fileEncoding = 4; lastKnownFileType = text; path = "2006-3.txt"; sourceTree = "<group>"; };
		74949CF2142B007200442A9B /* 2006-4.txt */ = {isa = PBXFileReference; fileEncoding = 4; lastKnownFileType = text; path = "2006-4.txt"; sourceTree = "<group>"; };
		74949CF3142B007200442A9B /* 2007-1.txt */ = {isa = PBXFileReference; fileEncoding = 4; lastKnownFileType = text; path = "2007-1.txt"; sourceTree = "<group>"; };
		74949CF4142B007200442A9B /* 2007-2.txt */ = {isa = PBXFileReference; fileEncoding = 4; lastKnownFileType = text; path = "2007-2.txt"; sourceTree = "<group>"; };
		74949CF5142B007200442A9B /* 2007-3.txt */ = {isa = PBXFileReference; fileEncoding = 4; lastKnownFileType = text; path = "2007-3.txt"; sourceTree = "<group>"; };
		74949CF6142B007200442A9B /* 2008-1.txt */ = {isa = PBXFileReference; fileEncoding = 4; lastKnownFileType = text; path = "2008-1.txt"; sourceTree = "<group>"; };
		74949CF7142B007200442A9B /* 2008-2.txt */ = {isa = PBXFileReference; fileEncoding = 4; lastKnownFileType = text; path = "2008-2.txt"; sourceTree = "<group>"; };
		74949CF8142B007200442A9B /* 2008-3.txt */ = {isa = PBXFileReference; fileEncoding = 4; lastKnownFileType = text; path = "2008-3.txt"; sourceTree = "<group>"; };
		74949CF9142B007200442A9B /* 2008-4.txt */ = {isa = PBXFileReference; fileEncoding = 4; lastKnownFileType = text; path = "2008-4.txt"; sourceTree = "<group>"; };
		74949CFA142B007200442A9B /* 2009-1.txt */ = {isa = PBXFileReference; fileEncoding = 4; lastKnownFileType = text; path = "2009-1.txt"; sourceTree = "<group>"; };
		74949CFB142B007200442A9B /* 2009-2.txt */ = {isa = PBXFileReference; fileEncoding = 4; lastKnownFileType = text; path = "2009-2.txt"; sourceTree = "<group>"; };
		74949CFC142B007200442A9B /* 2009-3.txt */ = {isa = PBXFileReference; fileEncoding = 4; lastKnownFileType = text; path = "2009-3.txt"; sourceTree = "<group>"; };
		74949CFD142B007200442A9B /* 2009-4.txt */ = {isa = PBXFileReference; fileEncoding = 4; lastKnownFileType = text; path = "2009-4.txt"; sourceTree = "<group>"; };
		74949CFE142B007200442A9B /* 2010-1.txt */ = {isa = PBXFileReference; fileEncoding = 4; lastKnownFileType = text; path = "2010-1.txt"; sourceTree = "<group>"; };
		74949CFF142B007200442A9B /* 2010-2.txt */ = {isa = PBXFileReference; fileEncoding = 4; lastKnownFileType = text; path = "2010-2.txt"; sourceTree = "<group>"; };
		74949D00142B007200442A9B /* 2010-3.txt */ = {isa = PBXFileReference; fileEncoding = 4; lastKnownFileType = text; path = "2010-3.txt"; sourceTree = "<group>"; };
		74949D01142B007200442A9B /* 2010-4.txt */ = {isa = PBXFileReference; fileEncoding = 4; lastKnownFileType = text; path = "2010-4.txt"; sourceTree = "<group>"; };
		74949D2F142B759700442A9B /* QuestionListCell.h */ = {isa = PBXFileReference; fileEncoding = 4; lastKnownFileType = sourcecode.c.h; path = QuestionListCell.h; sourceTree = "<group>"; };
		74949D30142B759700442A9B /* QuestionListCell.m */ = {isa = PBXFileReference; fileEncoding = 4; lastKnownFileType = sourcecode.c.objc; path = QuestionListCell.m; sourceTree = "<group>"; };
		74949D32142B75AB00442A9B /* QuestionListCell.xib */ = {isa = PBXFileReference; fileEncoding = 4; lastKnownFileType = file.xib; path = QuestionListCell.xib; sourceTree = "<group>"; };
		74976549142CA35E0012BDA4 /* Answer.h */ = {isa = PBXFileReference; fileEncoding = 4; lastKnownFileType = sourcecode.c.h; path = Answer.h; sourceTree = "<group>"; };
		7497654A142CA35E0012BDA4 /* Answer.m */ = {isa = PBXFileReference; fileEncoding = 4; lastKnownFileType = sourcecode.c.objc; path = Answer.m; sourceTree = "<group>"; };
		74976552142CA35F0012BDA4 /* Option.h */ = {isa = PBXFileReference; fileEncoding = 4; lastKnownFileType = sourcecode.c.h; path = Option.h; sourceTree = "<group>"; };
		74976553142CA35F0012BDA4 /* Option.m */ = {isa = PBXFileReference; fileEncoding = 4; lastKnownFileType = sourcecode.c.objc; path = Option.m; sourceTree = "<group>"; };
		74976555142CA7FB0012BDA4 /* PaperGenerator.h */ = {isa = PBXFileReference; fileEncoding = 4; lastKnownFileType = sourcecode.c.h; path = PaperGenerator.h; sourceTree = "<group>"; };
		74976556142CA7FB0012BDA4 /* PaperGenerator.m */ = {isa = PBXFileReference; fileEncoding = 4; lastKnownFileType = sourcecode.c.objc; path = PaperGenerator.m; sourceTree = "<group>"; };
		74AD4DB114335587006171DC /* AnalysisViewController.h */ = {isa = PBXFileReference; fileEncoding = 4; lastKnownFileType = sourcecode.c.h; path = AnalysisViewController.h; sourceTree = "<group>"; };
		74AD4DB214335587006171DC /* AnalysisViewController.m */ = {isa = PBXFileReference; fileEncoding = 4; lastKnownFileType = sourcecode.c.objc; path = AnalysisViewController.m; sourceTree = "<group>"; };
		74AD4DB314335588006171DC /* AnalysisViewController.xib */ = {isa = PBXFileReference; fileEncoding = 4; lastKnownFileType = file.xib; path = AnalysisViewController.xib; sourceTree = "<group>"; };
		74AD4DB714335DE6006171DC /* Question.h */ = {isa = PBXFileReference; fileEncoding = 4; lastKnownFileType = sourcecode.c.h; path = Question.h; sourceTree = "<group>"; };
		74AD4DB814335DE6006171DC /* Question.m */ = {isa = PBXFileReference; fileEncoding = 4; lastKnownFileType = sourcecode.c.objc; path = Question.m; sourceTree = "<group>"; };
		74AD4DBA14335DE6006171DC /* Bookmark.h */ = {isa = PBXFileReference; fileEncoding = 4; lastKnownFileType = sourcecode.c.h; path = Bookmark.h; sourceTree = "<group>"; };
		74AD4DBB14335DE6006171DC /* Bookmark.m */ = {isa = PBXFileReference; fileEncoding = 4; lastKnownFileType = sourcecode.c.objc; path = Bookmark.m; sourceTree = "<group>"; };
		74CB2DA01428684300D21776 /* Types.h */ = {isa = PBXFileReference; fileEncoding = 4; lastKnownFileType = sourcecode.c.h; path = Types.h; sourceTree = "<group>"; };
		74CB2DA1142868AF00D21776 /* JudicialExamOriginData.plist */ = {isa = PBXFileReference; fileEncoding = 4; lastKnownFileType = text.plist.xml; path = JudicialExamOriginData.plist; sourceTree = "<group>"; };
		74D0253414257F3000A7D24C /* OptionEditViewController.h */ = {isa = PBXFileReference; fileEncoding = 4; lastKnownFileType = sourcecode.c.h; path = OptionEditViewController.h; sourceTree = "<group>"; };
		74D0253514257F3000A7D24C /* OptionEditViewController.m */ = {isa = PBXFileReference; fileEncoding = 4; lastKnownFileType = sourcecode.c.objc; path = OptionEditViewController.m; sourceTree = "<group>"; };
		74D0253614257F3000A7D24C /* OptionEditViewController.xib */ = {isa = PBXFileReference; fileEncoding = 4; lastKnownFileType = file.xib; path = OptionEditViewController.xib; sourceTree = "<group>"; };
		C42397421422DC2200D79AFC /* Constants.h */ = {isa = PBXFileReference; fileEncoding = 4; lastKnownFileType = sourcecode.c.h; path = Constants.h; sourceTree = "<group>"; };
		C42397441422E18400D79AFC /* Util.h */ = {isa = PBXFileReference; fileEncoding = 4; lastKnownFileType = sourcecode.c.h; path = Util.h; sourceTree = "<group>"; };
		C42397451422E18400D79AFC /* Util.m */ = {isa = PBXFileReference; fileEncoding = 4; lastKnownFileType = sourcecode.c.objc; path = Util.m; sourceTree = "<group>"; };
		C4BE639A14218D1200B6ED2C /* JudicialExam.app */ = {isa = PBXFileReference; explicitFileType = wrapper.application; includeInIndex = 0; path = JudicialExam.app; sourceTree = BUILT_PRODUCTS_DIR; };
		C4BE639E14218D1200B6ED2C /* UIKit.framework */ = {isa = PBXFileReference; lastKnownFileType = wrapper.framework; name = UIKit.framework; path = System/Library/Frameworks/UIKit.framework; sourceTree = SDKROOT; };
		C4BE63A014218D1200B6ED2C /* Foundation.framework */ = {isa = PBXFileReference; lastKnownFileType = wrapper.framework; name = Foundation.framework; path = System/Library/Frameworks/Foundation.framework; sourceTree = SDKROOT; };
		C4BE63A214218D1200B6ED2C /* CoreGraphics.framework */ = {isa = PBXFileReference; lastKnownFileType = wrapper.framework; name = CoreGraphics.framework; path = System/Library/Frameworks/CoreGraphics.framework; sourceTree = SDKROOT; };
		C4BE63A614218D1200B6ED2C /* JudicialExam-Info.plist */ = {isa = PBXFileReference; lastKnownFileType = text.plist.xml; name = "JudicialExam-Info.plist"; path = "../../../JudicialExam-Info.plist"; sourceTree = "<group>"; };
		C4BE63A814218D1200B6ED2C /* en */ = {isa = PBXFileReference; lastKnownFileType = text.plist.strings; name = en; path = en.lproj/InfoPlist.strings; sourceTree = "<group>"; };
		C4BE63AA14218D1200B6ED2C /* JudicialExam-Prefix.pch */ = {isa = PBXFileReference; lastKnownFileType = sourcecode.c.h; path = "JudicialExam-Prefix.pch"; sourceTree = "<group>"; };
		C4BE63AB14218D1200B6ED2C /* main.m */ = {isa = PBXFileReference; lastKnownFileType = sourcecode.c.objc; path = main.m; sourceTree = "<group>"; };
		C4BE63AD14218D1200B6ED2C /* JudicialExamAppDelegate.h */ = {isa = PBXFileReference; lastKnownFileType = sourcecode.c.h; path = JudicialExamAppDelegate.h; sourceTree = "<group>"; };
		C4BE63AE14218D1200B6ED2C /* JudicialExamAppDelegate.m */ = {isa = PBXFileReference; lastKnownFileType = sourcecode.c.objc; path = JudicialExamAppDelegate.m; sourceTree = "<group>"; };
		C4BE63B114218D1200B6ED2C /* en */ = {isa = PBXFileReference; lastKnownFileType = file.xib; name = en; path = en.lproj/MainWindow.xib; sourceTree = "<group>"; };
		C4BE63C414218D1200B6ED2C /* JudicialExamTests.octest */ = {isa = PBXFileReference; explicitFileType = wrapper.cfbundle; includeInIndex = 0; path = JudicialExamTests.octest; sourceTree = BUILT_PRODUCTS_DIR; };
		C4BE63CC14218D1200B6ED2C /* JudicialExamTests-Info.plist */ = {isa = PBXFileReference; lastKnownFileType = text.plist.xml; path = "JudicialExamTests-Info.plist"; sourceTree = "<group>"; };
		C4BE63CE14218D1200B6ED2C /* en */ = {isa = PBXFileReference; lastKnownFileType = text.plist.strings; name = en; path = en.lproj/InfoPlist.strings; sourceTree = "<group>"; };
		C4BE63D014218D1200B6ED2C /* JudicialExamTests-Prefix.pch */ = {isa = PBXFileReference; lastKnownFileType = sourcecode.c.h; path = "JudicialExamTests-Prefix.pch"; sourceTree = "<group>"; };
		C4BE63D114218D1200B6ED2C /* JudicialExamTests.h */ = {isa = PBXFileReference; lastKnownFileType = sourcecode.c.h; path = JudicialExamTests.h; sourceTree = "<group>"; };
		C4BE63D314218D1200B6ED2C /* JudicialExamTests.m */ = {isa = PBXFileReference; lastKnownFileType = sourcecode.c.objc; path = JudicialExamTests.m; sourceTree = "<group>"; };
		C4BE63FF1421D9AA00B6ED2C /* CoreData.framework */ = {isa = PBXFileReference; lastKnownFileType = wrapper.framework; name = CoreData.framework; path = System/Library/Frameworks/CoreData.framework; sourceTree = SDKROOT; };
		C4BE64041421DC9A00B6ED2C /* JudicialExam.xcdatamodel */ = {isa = PBXFileReference; lastKnownFileType = wrapper.xcdatamodel; path = JudicialExam.xcdatamodel; sourceTree = "<group>"; };
		C4BE64251421EED500B6ED2C /* PaperMaker.h */ = {isa = PBXFileReference; fileEncoding = 4; lastKnownFileType = sourcecode.c.h; path = PaperMaker.h; sourceTree = "<group>"; };
		C4BE64261421EED500B6ED2C /* PaperMaker.m */ = {isa = PBXFileReference; fileEncoding = 4; lastKnownFileType = sourcecode.c.objc; path = PaperMaker.m; sourceTree = "<group>"; };
		C4BE642F1421FC8B00B6ED2C /* ExaminationViewController.h */ = {isa = PBXFileReference; fileEncoding = 4; lastKnownFileType = sourcecode.c.h; path = ExaminationViewController.h; sourceTree = "<group>"; };
		C4BE64301421FC8B00B6ED2C /* ExaminationViewController.m */ = {isa = PBXFileReference; fileEncoding = 4; lastKnownFileType = sourcecode.c.objc; path = ExaminationViewController.m; sourceTree = "<group>"; };
		C4BE64311421FC8B00B6ED2C /* ExaminationViewController.xib */ = {isa = PBXFileReference; fileEncoding = 4; lastKnownFileType = file.xib; path = ExaminationViewController.xib; sourceTree = "<group>"; };
		C4BE64331421FC8B00B6ED2C /* QuestionEditViewController.h */ = {isa = PBXFileReference; fileEncoding = 4; lastKnownFileType = sourcecode.c.h; path = QuestionEditViewController.h; sourceTree = "<group>"; };
		C4BE64341421FC8B00B6ED2C /* QuestionEditViewController.m */ = {isa = PBXFileReference; fileEncoding = 4; lastKnownFileType = sourcecode.c.objc; path = QuestionEditViewController.m; sourceTree = "<group>"; };
		C4BE64351421FC8B00B6ED2C /* QuestionEditViewController.xib */ = {isa = PBXFileReference; fileEncoding = 4; lastKnownFileType = file.xib; path = QuestionEditViewController.xib; sourceTree = "<group>"; };
		C4BE643A1421FCA500B6ED2C /* QuestionListViewController.h */ = {isa = PBXFileReference; fileEncoding = 4; lastKnownFileType = sourcecode.c.h; path = QuestionListViewController.h; sourceTree = "<group>"; };
		C4BE643B1421FCA500B6ED2C /* QuestionListViewController.m */ = {isa = PBXFileReference; fileEncoding = 4; lastKnownFileType = sourcecode.c.objc; path = QuestionListViewController.m; sourceTree = "<group>"; };
		C4BE643C1421FCA500B6ED2C /* QuestionListViewController.xib */ = {isa = PBXFileReference; fileEncoding = 4; lastKnownFileType = file.xib; path = QuestionListViewController.xib; sourceTree = "<group>"; };
/* End PBXFileReference section */

/* Begin PBXFrameworksBuildPhase section */
		C4BE639714218D1200B6ED2C /* Frameworks */ = {
			isa = PBXFrameworksBuildPhase;
			buildActionMask = 2147483647;
			files = (
				C4BE64001421D9AA00B6ED2C /* CoreData.framework in Frameworks */,
				C4BE639F14218D1200B6ED2C /* UIKit.framework in Frameworks */,
				C4BE63A114218D1200B6ED2C /* Foundation.framework in Frameworks */,
				C4BE63A314218D1200B6ED2C /* CoreGraphics.framework in Frameworks */,
			);
			runOnlyForDeploymentPostprocessing = 0;
		};
		C4BE63C014218D1200B6ED2C /* Frameworks */ = {
			isa = PBXFrameworksBuildPhase;
			buildActionMask = 2147483647;
			files = (
				C4BE63C514218D1200B6ED2C /* UIKit.framework in Frameworks */,
				C4BE63C614218D1200B6ED2C /* Foundation.framework in Frameworks */,
				C4BE63C714218D1200B6ED2C /* CoreGraphics.framework in Frameworks */,
			);
			runOnlyForDeploymentPostprocessing = 0;
		};
/* End PBXFrameworksBuildPhase section */

/* Begin PBXGroup section */
		7461A9FA14306146005FD7F3 /* Cells */ = {
			isa = PBXGroup;
			children = (
				7461A9FB14306146005FD7F3 /* cell.png */,
				7461A9FC14306146005FD7F3 /* cell_selected.png */,
			);
			path = Cells;
			sourceTree = "<group>";
		};
		747EA3E7142EB93700FB81E9 /* Images */ = {
			isa = PBXGroup;
			children = (
				748666191431A0500069923C /* right.png */,
				7486661A1431A0500069923C /* wrong.png */,
				747EA3E8142EB93700FB81E9 /* yuna.png */,
			);
			path = Images;
			sourceTree = "<group>";
		};
		7485A569142D6EAC005A5196 /* Categories */ = {
			isa = PBXGroup;
			children = (
				7485A56A142D6EE2005A5196 /* UIViewController+Addtion.h */,
				7485A56B142D6EE2005A5196 /* UIViewController+Addtion.m */,
			);
			path = Categories;
			sourceTree = "<group>";
		};
		748A3A1A1429E1B40054EB91 /* Papers */ = {
			isa = PBXGroup;
			children = (
				748A3A1B1429E1B40054EB91 /* 2002-1.txt */,
				748A3A1C1429E1B40054EB91 /* 2002-2.txt */,
				748A3A1D1429E1B40054EB91 /* 2002-3.txt */,
				74949CE2142B007200442A9B /* 2002-4.txt */,
				74949CE3142B007200442A9B /* 2003-1.txt */,
				74949CE4142B007200442A9B /* 2003-2.txt */,
				74949CE5142B007200442A9B /* 2003-3.txt */,
				74949CE6142B007200442A9B /* 2003-4.txt */,
				74949CE7142B007200442A9B /* 2004-1.txt */,
				74949CE8142B007200442A9B /* 2004-2.txt */,
				74949CE9142B007200442A9B /* 2004-3.txt */,
				74949CEA142B007200442A9B /* 2004-4.txt */,
				74949CEB142B007200442A9B /* 2005-1.txt */,
				74949CEC142B007200442A9B /* 2005-2.txt */,
				74949CED142B007200442A9B /* 2005-3.txt */,
				74949CEE142B007200442A9B /* 2005-4.txt */,
				74949CEF142B007200442A9B /* 2006-1.txt */,
				74949CF0142B007200442A9B /* 2006-2.txt */,
				74949CF1142B007200442A9B /* 2006-3.txt */,
				74949CF2142B007200442A9B /* 2006-4.txt */,
				74949CF3142B007200442A9B /* 2007-1.txt */,
				74949CF4142B007200442A9B /* 2007-2.txt */,
				74949CF5142B007200442A9B /* 2007-3.txt */,
				74949CF6142B007200442A9B /* 2008-1.txt */,
				74949CF7142B007200442A9B /* 2008-2.txt */,
				74949CF8142B007200442A9B /* 2008-3.txt */,
				74949CF9142B007200442A9B /* 2008-4.txt */,
				74949CFA142B007200442A9B /* 2009-1.txt */,
				74949CFB142B007200442A9B /* 2009-2.txt */,
				74949CFC142B007200442A9B /* 2009-3.txt */,
				74949CFD142B007200442A9B /* 2009-4.txt */,
				74949CFE142B007200442A9B /* 2010-1.txt */,
				74949CFF142B007200442A9B /* 2010-2.txt */,
				74949D00142B007200442A9B /* 2010-3.txt */,
				74949D01142B007200442A9B /* 2010-4.txt */,
			);
			path = Papers;
			sourceTree = "<group>";
		};
		748A615114277BB00064477A /* View */ = {
			isa = PBXGroup;
			children = (
				748A615214277BB00064477A /* Cells */,
			);
			path = View;
			sourceTree = "<group>";
		};
		748A615214277BB00064477A /* Cells */ = {
			isa = PBXGroup;
			children = (
				748A615614277C090064477A /* OptionCell.h */,
				748A615714277C090064477A /* OptionCell.m */,
				748A615414277BF20064477A /* OptionCell.xib */,
				74949D2F142B759700442A9B /* QuestionListCell.h */,
				74949D30142B759700442A9B /* QuestionListCell.m */,
				74949D32142B75AB00442A9B /* QuestionListCell.xib */,
			);
			path = Cells;
			sourceTree = "<group>";
		};
		748AFB52142C57EA0029ACFB /* UI Elements */ = {
			isa = PBXGroup;
			children = (
				7461A9FA14306146005FD7F3 /* Cells */,
				747EA3E7142EB93700FB81E9 /* Images */,
				748AFB67142C8CE30029ACFB /* Button */,
				748AFB53142C57EA0029ACFB /* Background */,
			);
			path = "UI Elements";
			sourceTree = "<group>";
		};
		748AFB53142C57EA0029ACFB /* Background */ = {
			isa = PBXGroup;
			children = (
				748D25E3142F7C4F0035318E /* button_round_blue.png */,
				747EA406142F1ABA00FB81E9 /* bg_gold.jpg */,
				747EA402142F177A00FB81E9 /* bg_water.jpg */,
				747EA403142F177A00FB81E9 /* bg_water_2.png */,
				747EA400142F164E00FB81E9 /* bg_yellow.jpg */,
				747EA3F5142F120F00FB81E9 /* bg_blue.jpg */,
				747EA3F6142F120F00FB81E9 /* bg_blue_2.jpg */,
				748AFB54142C57EA0029ACFB /* bg_3d.jpg */,
				748AFB55142C57EA0029ACFB /* bg_gray.jpg */,
			);
			path = Background;
			sourceTree = "<group>";
		};
		748AFB5E142C5F7C0029ACFB /* Coordinators */ = {
			isa = PBXGroup;
			children = (
				74976555142CA7FB0012BDA4 /* PaperGenerator.h */,
				74976556142CA7FB0012BDA4 /* PaperGenerator.m */,
			);
			path = Coordinators;
			sourceTree = "<group>";
		};
		748AFB67142C8CE30029ACFB /* Button */ = {
			isa = PBXGroup;
			children = (
				748C8A4A14304E650092E9CE /* button_blue_small.png */,
				747EA3F3142F0F2500FB81E9 /* button_black_e.png */,
				747EA3EB142F091400FB81E9 /* button_check_off.png */,
				747EA3EC142F091400FB81E9 /* button_check_on.png */,
				747EA3ED142F091400FB81E9 /* button_radio_off.png */,
				747EA3EE142F091400FB81E9 /* button_radio_on.png */,
				7485A55D142D6795005A5196 /* backward.png */,
				7485A55E142D6795005A5196 /* forward.png */,
				7485A55F142D6795005A5196 /* icon_bookmark.png */,
				7485A560142D6795005A5196 /* icon_bookmark_plain.png */,
				7485A561142D6795005A5196 /* sliderButton.png */,
				7485A562142D6795005A5196 /* sliderButton_h.png */,
				748AFB6A142C8F150029ACFB /* button_gold.png */,
				748AFB68142C8CE30029ACFB /* button_blue.png */,
			);
			path = Button;
			sourceTree = "<group>";
		};
		74949D25142B1B5F00442A9B /* App */ = {
			isa = PBXGroup;
			children = (
				C4BE63AD14218D1200B6ED2C /* JudicialExamAppDelegate.h */,
				C4BE63AE14218D1200B6ED2C /* JudicialExamAppDelegate.m */,
				C4BE63B014218D1200B6ED2C /* MainWindow.xib */,
			);
			name = App;
			sourceTree = "<group>";
		};
		74CB2D9C142865C800D21776 /* Generation */ = {
			isa = PBXGroup;
			children = (
				748A3A021429AEE80054EB91 /* DataGenerationViewController.h */,
				748A3A031429AEE80054EB91 /* DataGenerationViewController.m */,
				748A3A041429AEE80054EB91 /* DataGenerationViewController.xib */,
				74949CC2142AD08900442A9B /* GeneratedQuestion.h */,
				74949CC3142AD08900442A9B /* GeneratedQuestion.m */,
			);
			path = Generation;
			sourceTree = "<group>";
		};
		C4BE638F14218D1200B6ED2C = {
			isa = PBXGroup;
			children = (
				C4BE63FF1421D9AA00B6ED2C /* CoreData.framework */,
				C4BE63A414218D1200B6ED2C /* JudicialExam */,
				C4BE63CA14218D1200B6ED2C /* JudicialExamTests */,
				C4BE639D14218D1200B6ED2C /* Frameworks */,
				C4BE639B14218D1200B6ED2C /* Products */,
			);
			sourceTree = "<group>";
		};
		C4BE639B14218D1200B6ED2C /* Products */ = {
			isa = PBXGroup;
			children = (
				C4BE639A14218D1200B6ED2C /* JudicialExam.app */,
				C4BE63C414218D1200B6ED2C /* JudicialExamTests.octest */,
			);
			name = Products;
			sourceTree = "<group>";
		};
		C4BE639D14218D1200B6ED2C /* Frameworks */ = {
			isa = PBXGroup;
			children = (
				C4BE639E14218D1200B6ED2C /* UIKit.framework */,
				C4BE63A014218D1200B6ED2C /* Foundation.framework */,
				C4BE63A214218D1200B6ED2C /* CoreGraphics.framework */,
			);
			name = Frameworks;
			sourceTree = "<group>";
		};
		C4BE63A414218D1200B6ED2C /* JudicialExam */ = {
			isa = PBXGroup;
			children = (
				74949D25142B1B5F00442A9B /* App */,
				7485A569142D6EAC005A5196 /* Categories */,
				C4BE63DE1421934100B6ED2C /* Classes */,
				C4BE63A514218D1200B6ED2C /* Supporting Files */,
				C4BE64281421F01700B6ED2C /* Resources */,
			);
			path = JudicialExam;
			sourceTree = "<group>";
		};
		C4BE63A514218D1200B6ED2C /* Supporting Files */ = {
			isa = PBXGroup;
			children = (
				C4BE63A714218D1200B6ED2C /* InfoPlist.strings */,
				C4BE63AA14218D1200B6ED2C /* JudicialExam-Prefix.pch */,
				C4BE63AB14218D1200B6ED2C /* main.m */,
				74CB2DA1142868AF00D21776 /* JudicialExamOriginData.plist */,
			);
			name = "Supporting Files";
			sourceTree = "<group>";
		};
		C4BE63CA14218D1200B6ED2C /* JudicialExamTests */ = {
			isa = PBXGroup;
			children = (
				C4BE63D114218D1200B6ED2C /* JudicialExamTests.h */,
				C4BE63D314218D1200B6ED2C /* JudicialExamTests.m */,
				C4BE63CB14218D1200B6ED2C /* Supporting Files */,
			);
			path = JudicialExamTests;
			sourceTree = "<group>";
		};
		C4BE63CB14218D1200B6ED2C /* Supporting Files */ = {
			isa = PBXGroup;
			children = (
				C4BE63CC14218D1200B6ED2C /* JudicialExamTests-Info.plist */,
				C4BE63CD14218D1200B6ED2C /* InfoPlist.strings */,
				C4BE63D014218D1200B6ED2C /* JudicialExamTests-Prefix.pch */,
			);
			name = "Supporting Files";
			sourceTree = "<group>";
		};
		C4BE63DE1421934100B6ED2C /* Classes */ = {
			isa = PBXGroup;
			children = (
				748AFB5E142C5F7C0029ACFB /* Coordinators */,
				C4BE64241421EEBC00B6ED2C /* Util */,
				748A615114277BB00064477A /* View */,
				C4BE64021421DC6D00B6ED2C /* Model */,
				C4BE63DF1421934100B6ED2C /* Controllers */,
			);
			path = Classes;
			sourceTree = "<group>";
		};
		C4BE63DF1421934100B6ED2C /* Controllers */ = {
			isa = PBXGroup;
			children = (
				C4BE642E1421FC8B00B6ED2C /* Exam */,
				C4BE64321421FC8B00B6ED2C /* Questions */,
				74CB2D9C142865C800D21776 /* Generation */,
			);
			path = Controllers;
			sourceTree = "<group>";
		};
		C4BE64021421DC6D00B6ED2C /* Model */ = {
			isa = PBXGroup;
			children = (
				C4BE64031421DC9A00B6ED2C /* JudicialExam.xcdatamodeld */,
				74AD4DBA14335DE6006171DC /* Bookmark.h */,
				74AD4DBB14335DE6006171DC /* Bookmark.m */,
				74AD4DB714335DE6006171DC /* Question.h */,
				74AD4DB814335DE6006171DC /* Question.m */,
				74866616143197210069923C /* Paper.h */,
				74866617143197210069923C /* Paper.m */,
				7461AA171430C9B7005FD7F3 /* Record.h */,
				7461AA181430C9B7005FD7F3 /* Record.m */,
				74976552142CA35F0012BDA4 /* Option.h */,
				74976553142CA35F0012BDA4 /* Option.m */,
				74976549142CA35E0012BDA4 /* Answer.h */,
				7497654A142CA35E0012BDA4 /* Answer.m */,
				748666201431A4950069923C /* PaperResult.h */,
				748666211431A4950069923C /* PaperResult.m */,
			);
			path = Model;
			sourceTree = "<group>";
		};
		C4BE64241421EEBC00B6ED2C /* Util */ = {
			isa = PBXGroup;
			children = (
				74CB2DA01428684300D21776 /* Types.h */,
				C42397421422DC2200D79AFC /* Constants.h */,
				C42397441422E18400D79AFC /* Util.h */,
				C42397451422E18400D79AFC /* Util.m */,
				C4BE64251421EED500B6ED2C /* PaperMaker.h */,
				C4BE64261421EED500B6ED2C /* PaperMaker.m */,
				748A6159142780060064477A /* CellUtil.h */,
				748A615A142780060064477A /* CellUtil.m */,
				748A3A171429B5960054EB91 /* DataGenerator.h */,
				748A3A181429B5960054EB91 /* DataGenerator.m */,
				7486661D1431A4530069923C /* PaperJudge.h */,
				7486661E1431A4530069923C /* PaperJudge.m */,
			);
			path = Util;
			sourceTree = "<group>";
		};
		C4BE64281421F01700B6ED2C /* Resources */ = {
			isa = PBXGroup;
			children = (
				748AFB52142C57EA0029ACFB /* UI Elements */,
				748A3A1A1429E1B40054EB91 /* Papers */,
			);
			path = Resources;
			sourceTree = "<group>";
		};
		C4BE642E1421FC8B00B6ED2C /* Exam */ = {
			isa = PBXGroup;
			children = (
				C4BE642F1421FC8B00B6ED2C /* ExaminationViewController.h */,
				C4BE64301421FC8B00B6ED2C /* ExaminationViewController.m */,
				C4BE64311421FC8B00B6ED2C /* ExaminationViewController.xib */,
				748AFB59142C5B9A0029ACFB /* ExamPreConfigViewController.h */,
				748AFB5A142C5B9A0029ACFB /* ExamPreConfigViewController.m */,
				748AFB5B142C5B9A0029ACFB /* ExamPreConfigViewController.xib */,
				7485A54C142D5E90005A5196 /* ExamPaperViewController.h */,
				7485A54D142D5E90005A5196 /* ExamPaperViewController.m */,
				7485A54E142D5E90005A5196 /* ExamPaperViewController.xib */,
				7485A555142D5FE4005A5196 /* PaperScrollViewController.h */,
				7485A556142D5FE4005A5196 /* PaperScrollViewController.m */,
				747FAF1A142DD0060083FBD8 /* PaperScrollViewController.xib */,
				7485A558142D619E005A5196 /* PaperQuestionView.h */,
				7485A559142D619E005A5196 /* PaperQuestionView.m */,
				7485A55B142D6287005A5196 /* PaperQuestionView.xib */,
				7485A56E142D74C3005A5196 /* PageSnapViewController.h */,
				7485A56F142D74C3005A5196 /* PageSnapViewController.m */,
				747FAF20142DD45D0083FBD8 /* PageSnapViewController.xib */,
				7485A571142D7975005A5196 /* PaperPageSelector.h */,
				7485A572142D7975005A5196 /* PaperPageSelector.m */,
				747FAF1D142DD4030083FBD8 /* PageSnapView.h */,
				747FAF1E142DD4040083FBD8 /* PageSnapView.m */,
				747FAF22142DD8600083FBD8 /* PageSlider.h */,
				747FAF23142DD8610083FBD8 /* PageSlider.m */,
				748C8A4D14305AC70092E9CE /* ExamSummaryViewController.h */,
				748C8A4E14305AC70092E9CE /* ExamSummaryViewController.m */,
				748C8A4F14305AC80092E9CE /* ExamSummaryViewController.xib */,
				748666231431B5FD0069923C /* PaperResultViewController.h */,
				748666241431B5FD0069923C /* PaperResultViewController.m */,
				748666251431B5FF0069923C /* PaperResultViewController.xib */,
				748666281431BA930069923C /* SummaryProtocol.h */,
				74AD4DB114335587006171DC /* AnalysisViewController.h */,
				74AD4DB214335587006171DC /* AnalysisViewController.m */,
				74AD4DB314335588006171DC /* AnalysisViewController.xib */,
			);
			path = Exam;
			sourceTree = "<group>";
		};
		C4BE64321421FC8B00B6ED2C /* Questions */ = {
			isa = PBXGroup;
			children = (
				C4BE64331421FC8B00B6ED2C /* QuestionEditViewController.h */,
				C4BE64341421FC8B00B6ED2C /* QuestionEditViewController.m */,
				C4BE64351421FC8B00B6ED2C /* QuestionEditViewController.xib */,
				C4BE643A1421FCA500B6ED2C /* QuestionListViewController.h */,
				C4BE643B1421FCA500B6ED2C /* QuestionListViewController.m */,
				C4BE643C1421FCA500B6ED2C /* QuestionListViewController.xib */,
				C4BE63A614218D1200B6ED2C /* JudicialExam-Info.plist */,
				74D0253414257F3000A7D24C /* OptionEditViewController.h */,
				74D0253514257F3000A7D24C /* OptionEditViewController.m */,
				74D0253614257F3000A7D24C /* OptionEditViewController.xib */,
			);
			path = Questions;
			sourceTree = "<group>";
		};
/* End PBXGroup section */

/* Begin PBXNativeTarget section */
		C4BE639914218D1200B6ED2C /* JudicialExam */ = {
			isa = PBXNativeTarget;
			buildConfigurationList = C4BE63D714218D1200B6ED2C /* Build configuration list for PBXNativeTarget "JudicialExam" */;
			buildPhases = (
				C4BE639614218D1200B6ED2C /* Sources */,
				C4BE639714218D1200B6ED2C /* Frameworks */,
				C4BE639814218D1200B6ED2C /* Resources */,
			);
			buildRules = (
			);
			dependencies = (
			);
			name = JudicialExam;
			productName = JudicialExam;
			productReference = C4BE639A14218D1200B6ED2C /* JudicialExam.app */;
			productType = "com.apple.product-type.application";
		};
		C4BE63C314218D1200B6ED2C /* JudicialExamTests */ = {
			isa = PBXNativeTarget;
			buildConfigurationList = C4BE63DA14218D1200B6ED2C /* Build configuration list for PBXNativeTarget "JudicialExamTests" */;
			buildPhases = (
				C4BE63BF14218D1200B6ED2C /* Sources */,
				C4BE63C014218D1200B6ED2C /* Frameworks */,
				C4BE63C114218D1200B6ED2C /* Resources */,
				C4BE63C214218D1200B6ED2C /* ShellScript */,
			);
			buildRules = (
			);
			dependencies = (
				C4BE63C914218D1200B6ED2C /* PBXTargetDependency */,
			);
			name = JudicialExamTests;
			productName = JudicialExamTests;
			productReference = C4BE63C414218D1200B6ED2C /* JudicialExamTests.octest */;
			productType = "com.apple.product-type.bundle";
		};
/* End PBXNativeTarget section */

/* Begin PBXProject section */
		C4BE639114218D1200B6ED2C /* Project object */ = {
			isa = PBXProject;
			buildConfigurationList = C4BE639414218D1200B6ED2C /* Build configuration list for PBXProject "JudicialExam" */;
			compatibilityVersion = "Xcode 3.2";
			developmentRegion = English;
			hasScannedForEncodings = 0;
			knownRegions = (
				en,
			);
			mainGroup = C4BE638F14218D1200B6ED2C;
			productRefGroup = C4BE639B14218D1200B6ED2C /* Products */;
			projectDirPath = "";
			projectRoot = "";
			targets = (
				C4BE639914218D1200B6ED2C /* JudicialExam */,
				C4BE63C314218D1200B6ED2C /* JudicialExamTests */,
			);
		};
/* End PBXProject section */

/* Begin PBXResourcesBuildPhase section */
		C4BE639814218D1200B6ED2C /* Resources */ = {
			isa = PBXResourcesBuildPhase;
			buildActionMask = 2147483647;
			files = (
				C4BE63A914218D1200B6ED2C /* InfoPlist.strings in Resources */,
				C4BE63B214218D1200B6ED2C /* MainWindow.xib in Resources */,
				C4BE64371421FC8B00B6ED2C /* ExaminationViewController.xib in Resources */,
				C4BE64391421FC8B00B6ED2C /* QuestionEditViewController.xib in Resources */,
				C4BE643E1421FCA500B6ED2C /* QuestionListViewController.xib in Resources */,
				74D0253814257F3000A7D24C /* OptionEditViewController.xib in Resources */,
				748A615514277BF20064477A /* OptionCell.xib in Resources */,
				74CB2DA2142868AF00D21776 /* JudicialExamOriginData.plist in Resources */,
				748A3A061429AEE80054EB91 /* DataGenerationViewController.xib in Resources */,
				748A3A1E1429E1B40054EB91 /* 2002-1.txt in Resources */,
				748A3A1F1429E1B40054EB91 /* 2002-2.txt in Resources */,
				748A3A201429E1B40054EB91 /* 2002-3.txt in Resources */,
				74949D02142B007200442A9B /* 2002-4.txt in Resources */,
				74949D03142B007200442A9B /* 2003-1.txt in Resources */,
				74949D04142B007200442A9B /* 2003-2.txt in Resources */,
				74949D05142B007200442A9B /* 2003-3.txt in Resources */,
				74949D06142B007200442A9B /* 2003-4.txt in Resources */,
				74949D07142B007200442A9B /* 2004-1.txt in Resources */,
				74949D08142B007200442A9B /* 2004-2.txt in Resources */,
				74949D09142B007200442A9B /* 2004-3.txt in Resources */,
				74949D0A142B007200442A9B /* 2004-4.txt in Resources */,
				74949D0B142B007200442A9B /* 2005-1.txt in Resources */,
				74949D0C142B007200442A9B /* 2005-2.txt in Resources */,
				74949D0D142B007200442A9B /* 2005-3.txt in Resources */,
				74949D0E142B007200442A9B /* 2005-4.txt in Resources */,
				74949D0F142B007200442A9B /* 2006-1.txt in Resources */,
				74949D10142B007200442A9B /* 2006-2.txt in Resources */,
				74949D11142B007200442A9B /* 2006-3.txt in Resources */,
				74949D12142B007200442A9B /* 2006-4.txt in Resources */,
				74949D13142B007200442A9B /* 2007-1.txt in Resources */,
				74949D14142B007200442A9B /* 2007-2.txt in Resources */,
				74949D15142B007200442A9B /* 2007-3.txt in Resources */,
				74949D16142B007200442A9B /* 2008-1.txt in Resources */,
				74949D17142B007200442A9B /* 2008-2.txt in Resources */,
				74949D18142B007200442A9B /* 2008-3.txt in Resources */,
				74949D19142B007200442A9B /* 2008-4.txt in Resources */,
				74949D1A142B007200442A9B /* 2009-1.txt in Resources */,
				74949D1B142B007200442A9B /* 2009-2.txt in Resources */,
				74949D1C142B007200442A9B /* 2009-3.txt in Resources */,
				74949D1D142B007200442A9B /* 2009-4.txt in Resources */,
				74949D1E142B007200442A9B /* 2010-1.txt in Resources */,
				74949D1F142B007200442A9B /* 2010-2.txt in Resources */,
				74949D20142B007200442A9B /* 2010-3.txt in Resources */,
				74949D21142B007200442A9B /* 2010-4.txt in Resources */,
				74949D33142B75AB00442A9B /* QuestionListCell.xib in Resources */,
				748AFB56142C57EA0029ACFB /* bg_3d.jpg in Resources */,
				748AFB57142C57EA0029ACFB /* bg_gray.jpg in Resources */,
				748AFB5D142C5B9A0029ACFB /* ExamPreConfigViewController.xib in Resources */,
				748AFB69142C8CE30029ACFB /* button_blue.png in Resources */,
				748AFB6B142C8F150029ACFB /* button_gold.png in Resources */,
				7485A550142D5E90005A5196 /* ExamPaperViewController.xib in Resources */,
				7485A55C142D6287005A5196 /* PaperQuestionView.xib in Resources */,
				7485A563142D6795005A5196 /* backward.png in Resources */,
				7485A564142D6795005A5196 /* forward.png in Resources */,
				7485A565142D6795005A5196 /* icon_bookmark.png in Resources */,
				7485A566142D6795005A5196 /* icon_bookmark_plain.png in Resources */,
				7485A567142D6795005A5196 /* sliderButton.png in Resources */,
				7485A568142D6795005A5196 /* sliderButton_h.png in Resources */,
				747FAF1B142DD0070083FBD8 /* PaperScrollViewController.xib in Resources */,
				747FAF21142DD45E0083FBD8 /* PageSnapViewController.xib in Resources */,
				747EA3E9142EB93700FB81E9 /* yuna.png in Resources */,
				747EA3EF142F091400FB81E9 /* button_check_off.png in Resources */,
				747EA3F0142F091400FB81E9 /* button_check_on.png in Resources */,
				747EA3F1142F091400FB81E9 /* button_radio_off.png in Resources */,
				747EA3F2142F091400FB81E9 /* button_radio_on.png in Resources */,
				747EA3F4142F0F2500FB81E9 /* button_black_e.png in Resources */,
				747EA3F7142F120F00FB81E9 /* bg_blue.jpg in Resources */,
				747EA3F8142F120F00FB81E9 /* bg_blue_2.jpg in Resources */,
				747EA401142F164E00FB81E9 /* bg_yellow.jpg in Resources */,
				747EA404142F177A00FB81E9 /* bg_water.jpg in Resources */,
				747EA405142F177A00FB81E9 /* bg_water_2.png in Resources */,
				747EA407142F1ABA00FB81E9 /* bg_gold.jpg in Resources */,
				748D25E4142F7C4F0035318E /* button_round_blue.png in Resources */,
				748C8A4B14304E660092E9CE /* button_blue_small.png in Resources */,
				748C8A5114305AC80092E9CE /* ExamSummaryViewController.xib in Resources */,
				7461A9FD14306146005FD7F3 /* cell.png in Resources */,
				7461A9FE14306146005FD7F3 /* cell_selected.png in Resources */,
				7486661B1431A0500069923C /* right.png in Resources */,
				7486661C1431A0500069923C /* wrong.png in Resources */,
				748666271431B6000069923C /* PaperResultViewController.xib in Resources */,
				74AD4DB514335588006171DC /* AnalysisViewController.xib in Resources */,
			);
			runOnlyForDeploymentPostprocessing = 0;
		};
		C4BE63C114218D1200B6ED2C /* Resources */ = {
			isa = PBXResourcesBuildPhase;
			buildActionMask = 2147483647;
			files = (
				C4BE63CF14218D1200B6ED2C /* InfoPlist.strings in Resources */,
				C4BE63D214218D1200B6ED2C /* JudicialExamTests.h in Resources */,
			);
			runOnlyForDeploymentPostprocessing = 0;
		};
/* End PBXResourcesBuildPhase section */

/* Begin PBXShellScriptBuildPhase section */
		C4BE63C214218D1200B6ED2C /* ShellScript */ = {
			isa = PBXShellScriptBuildPhase;
			buildActionMask = 2147483647;
			files = (
			);
			inputPaths = (
			);
			outputPaths = (
			);
			runOnlyForDeploymentPostprocessing = 0;
			shellPath = /bin/sh;
			shellScript = "# Run the unit tests in this test bundle.\n\"${SYSTEM_DEVELOPER_DIR}/Tools/RunUnitTests\"\n";
		};
/* End PBXShellScriptBuildPhase section */

/* Begin PBXSourcesBuildPhase section */
		C4BE639614218D1200B6ED2C /* Sources */ = {
			isa = PBXSourcesBuildPhase;
			buildActionMask = 2147483647;
			files = (
				C4BE63AC14218D1200B6ED2C /* main.m in Sources */,
				C4BE63AF14218D1200B6ED2C /* JudicialExamAppDelegate.m in Sources */,
				C4BE64051421DC9A00B6ED2C /* JudicialExam.xcdatamodeld in Sources */,
				C4BE64271421EED500B6ED2C /* PaperMaker.m in Sources */,
				C4BE64361421FC8B00B6ED2C /* ExaminationViewController.m in Sources */,
				C4BE64381421FC8B00B6ED2C /* QuestionEditViewController.m in Sources */,
				C4BE643D1421FCA500B6ED2C /* QuestionListViewController.m in Sources */,
				C42397461422E18400D79AFC /* Util.m in Sources */,
				74D0253714257F3000A7D24C /* OptionEditViewController.m in Sources */,
				748A615814277C090064477A /* OptionCell.m in Sources */,
				748A615B142780060064477A /* CellUtil.m in Sources */,
				748A3A051429AEE80054EB91 /* DataGenerationViewController.m in Sources */,
				748A3A191429B5960054EB91 /* DataGenerator.m in Sources */,
				74949CC4142AD08900442A9B /* GeneratedQuestion.m in Sources */,
				74949D31142B759700442A9B /* QuestionListCell.m in Sources */,
				748AFB5C142C5B9A0029ACFB /* ExamPreConfigViewController.m in Sources */,
				7497654B142CA35F0012BDA4 /* Answer.m in Sources */,
				74976554142CA35F0012BDA4 /* Option.m in Sources */,
				74976557142CA7FB0012BDA4 /* PaperGenerator.m in Sources */,
				7485A54F142D5E90005A5196 /* ExamPaperViewController.m in Sources */,
				7485A557142D5FE4005A5196 /* PaperScrollViewController.m in Sources */,
				7485A55A142D619E005A5196 /* PaperQuestionView.m in Sources */,
				7485A56C142D6EE2005A5196 /* UIViewController+Addtion.m in Sources */,
				7485A570142D74C4005A5196 /* PageSnapViewController.m in Sources */,
				7485A573142D7976005A5196 /* PaperPageSelector.m in Sources */,
				747FAF1F142DD4040083FBD8 /* PageSnapView.m in Sources */,
				747FAF24142DD8620083FBD8 /* PageSlider.m in Sources */,
				748C8A5014305AC80092E9CE /* ExamSummaryViewController.m in Sources */,
				7461AA191430C9B7005FD7F3 /* Record.m in Sources */,
				74866618143197210069923C /* Paper.m in Sources */,
				7486661F1431A4530069923C /* PaperJudge.m in Sources */,
				748666221431A4950069923C /* PaperResult.m in Sources */,
				748666261431B6000069923C /* PaperResultViewController.m in Sources */,
				74AD4DB414335588006171DC /* AnalysisViewController.m in Sources */,
				74AD4DB914335DE6006171DC /* Question.m in Sources */,
				74AD4DBC14335DE6006171DC /* Bookmark.m in Sources */,
			);
			runOnlyForDeploymentPostprocessing = 0;
		};
		C4BE63BF14218D1200B6ED2C /* Sources */ = {
			isa = PBXSourcesBuildPhase;
			buildActionMask = 2147483647;
			files = (
				C4BE63D414218D1200B6ED2C /* JudicialExamTests.m in Sources */,
			);
			runOnlyForDeploymentPostprocessing = 0;
		};
/* End PBXSourcesBuildPhase section */

/* Begin PBXTargetDependency section */
		C4BE63C914218D1200B6ED2C /* PBXTargetDependency */ = {
			isa = PBXTargetDependency;
			target = C4BE639914218D1200B6ED2C /* JudicialExam */;
			targetProxy = C4BE63C814218D1200B6ED2C /* PBXContainerItemProxy */;
		};
/* End PBXTargetDependency section */

/* Begin PBXVariantGroup section */
		C4BE63A714218D1200B6ED2C /* InfoPlist.strings */ = {
			isa = PBXVariantGroup;
			children = (
				C4BE63A814218D1200B6ED2C /* en */,
			);
			name = InfoPlist.strings;
			sourceTree = "<group>";
		};
		C4BE63B014218D1200B6ED2C /* MainWindow.xib */ = {
			isa = PBXVariantGroup;
			children = (
				C4BE63B114218D1200B6ED2C /* en */,
			);
			name = MainWindow.xib;
			sourceTree = "<group>";
		};
		C4BE63CD14218D1200B6ED2C /* InfoPlist.strings */ = {
			isa = PBXVariantGroup;
			children = (
				C4BE63CE14218D1200B6ED2C /* en */,
			);
			name = InfoPlist.strings;
			sourceTree = "<group>";
		};
/* End PBXVariantGroup section */

/* Begin XCBuildConfiguration section */
		C4BE63D514218D1200B6ED2C /* Debug */ = {
			isa = XCBuildConfiguration;
			buildSettings = {
				ARCHS = "$(ARCHS_UNIVERSAL_IPHONE_OS)";
				CODE_SIGN_IDENTITY = "iPhone Developer: Liang Chen (DU5463KKQH)";
				"CODE_SIGN_IDENTITY[sdk=iphoneos*]" = "iPhone Developer";
				GCC_C_LANGUAGE_STANDARD = gnu99;
				GCC_OPTIMIZATION_LEVEL = 0;
				GCC_PREPROCESSOR_DEFINITIONS = DEBUG;
				GCC_SYMBOLS_PRIVATE_EXTERN = NO;
				GCC_VERSION = com.apple.compilers.llvmgcc42;
				GCC_WARN_ABOUT_RETURN_TYPE = YES;
				GCC_WARN_UNUSED_VARIABLE = YES;
				IPHONEOS_DEPLOYMENT_TARGET = 4.3;
				PROVISIONING_PROFILE = "B2FD8865-24CB-4CCE-9075-58E35B971073";
				SDKROOT = iphoneos;
				TARGETED_DEVICE_FAMILY = 2;
			};
			name = Debug;
		};
		C4BE63D614218D1200B6ED2C /* Release */ = {
			isa = XCBuildConfiguration;
			buildSettings = {
				ARCHS = "$(ARCHS_UNIVERSAL_IPHONE_OS)";
				CODE_SIGN_IDENTITY = "iPhone Developer: Liang Chen (DU5463KKQH)";
				"CODE_SIGN_IDENTITY[sdk=iphoneos*]" = "iPhone Developer";
				GCC_C_LANGUAGE_STANDARD = gnu99;
				GCC_VERSION = com.apple.compilers.llvmgcc42;
				GCC_WARN_ABOUT_RETURN_TYPE = YES;
				GCC_WARN_UNUSED_VARIABLE = YES;
				IPHONEOS_DEPLOYMENT_TARGET = 4.3;
				OTHER_CFLAGS = "-DNS_BLOCK_ASSERTIONS=1";
				PROVISIONING_PROFILE = "B2FD8865-24CB-4CCE-9075-58E35B971073";
				SDKROOT = iphoneos;
				TARGETED_DEVICE_FAMILY = 2;
			};
			name = Release;
		};
		C4BE63D814218D1200B6ED2C /* Debug */ = {
			isa = XCBuildConfiguration;
			buildSettings = {
				ALWAYS_SEARCH_USER_PATHS = NO;
				COPY_PHASE_STRIP = NO;
				GCC_DYNAMIC_NO_PIC = NO;
				GCC_PRECOMPILE_PREFIX_HEADER = YES;
				GCC_PREFIX_HEADER = "JudicialExam/JudicialExam-Prefix.pch";
				INFOPLIST_FILE = "JudicialExam/JudicialExam-Info.plist";
				PRODUCT_NAME = "$(TARGET_NAME)";
				TARGETED_DEVICE_FAMILY = 2;
				WRAPPER_EXTENSION = app;
			};
			name = Debug;
		};
		C4BE63D914218D1200B6ED2C /* Release */ = {
			isa = XCBuildConfiguration;
			buildSettings = {
				ALWAYS_SEARCH_USER_PATHS = NO;
				COPY_PHASE_STRIP = YES;
				GCC_PRECOMPILE_PREFIX_HEADER = YES;
				GCC_PREFIX_HEADER = "JudicialExam/JudicialExam-Prefix.pch";
				INFOPLIST_FILE = "JudicialExam/JudicialExam-Info.plist";
				PRODUCT_NAME = "$(TARGET_NAME)";
				TARGETED_DEVICE_FAMILY = 2;
				VALIDATE_PRODUCT = YES;
				WRAPPER_EXTENSION = app;
			};
			name = Release;
		};
		C4BE63DB14218D1200B6ED2C /* Debug */ = {
			isa = XCBuildConfiguration;
			buildSettings = {
				ALWAYS_SEARCH_USER_PATHS = NO;
				ARCHS = "$(ARCHS_STANDARD_32_BIT)";
				BUNDLE_LOADER = "$(BUILT_PRODUCTS_DIR)/JudicialExam.app/JudicialExam";
				FRAMEWORK_SEARCH_PATHS = (
					"$(SDKROOT)/Developer/Library/Frameworks",
					"$(DEVELOPER_LIBRARY_DIR)/Frameworks",
				);
				GCC_PRECOMPILE_PREFIX_HEADER = YES;
				GCC_PREFIX_HEADER = "JudicialExamTests/JudicialExamTests-Prefix.pch";
				INFOPLIST_FILE = "JudicialExamTests/JudicialExamTests-Info.plist";
				OTHER_LDFLAGS = (
					"-framework",
					SenTestingKit,
				);
				PRODUCT_NAME = "$(TARGET_NAME)";
				TEST_HOST = "$(BUNDLE_LOADER)";
				WRAPPER_EXTENSION = octest;
			};
			name = Debug;
		};
		C4BE63DC14218D1200B6ED2C /* Release */ = {
			isa = XCBuildConfiguration;
			buildSettings = {
				ALWAYS_SEARCH_USER_PATHS = NO;
				ARCHS = "$(ARCHS_STANDARD_32_BIT)";
				BUNDLE_LOADER = "$(BUILT_PRODUCTS_DIR)/JudicialExam.app/JudicialExam";
				FRAMEWORK_SEARCH_PATHS = (
					"$(SDKROOT)/Developer/Library/Frameworks",
					"$(DEVELOPER_LIBRARY_DIR)/Frameworks",
				);
				GCC_PRECOMPILE_PREFIX_HEADER = YES;
				GCC_PREFIX_HEADER = "JudicialExamTests/JudicialExamTests-Prefix.pch";
				INFOPLIST_FILE = "JudicialExamTests/JudicialExamTests-Info.plist";
				OTHER_LDFLAGS = (
					"-framework",
					SenTestingKit,
				);
				PRODUCT_NAME = "$(TARGET_NAME)";
				TEST_HOST = "$(BUNDLE_LOADER)";
				WRAPPER_EXTENSION = octest;
			};
			name = Release;
		};
/* End XCBuildConfiguration section */

/* Begin XCConfigurationList section */
		C4BE639414218D1200B6ED2C /* Build configuration list for PBXProject "JudicialExam" */ = {
			isa = XCConfigurationList;
			buildConfigurations = (
				C4BE63D514218D1200B6ED2C /* Debug */,
				C4BE63D614218D1200B6ED2C /* Release */,
			);
			defaultConfigurationIsVisible = 0;
			defaultConfigurationName = Release;
		};
		C4BE63D714218D1200B6ED2C /* Build configuration list for PBXNativeTarget "JudicialExam" */ = {
			isa = XCConfigurationList;
			buildConfigurations = (
				C4BE63D814218D1200B6ED2C /* Debug */,
				C4BE63D914218D1200B6ED2C /* Release */,
			);
			defaultConfigurationIsVisible = 0;
			defaultConfigurationName = Release;
		};
		C4BE63DA14218D1200B6ED2C /* Build configuration list for PBXNativeTarget "JudicialExamTests" */ = {
			isa = XCConfigurationList;
			buildConfigurations = (
				C4BE63DB14218D1200B6ED2C /* Debug */,
				C4BE63DC14218D1200B6ED2C /* Release */,
			);
			defaultConfigurationIsVisible = 0;
			defaultConfigurationName = Release;
		};
/* End XCConfigurationList section */

/* Begin XCVersionGroup section */
		C4BE64031421DC9A00B6ED2C /* JudicialExam.xcdatamodeld */ = {
			isa = XCVersionGroup;
			children = (
				C4BE64041421DC9A00B6ED2C /* JudicialExam.xcdatamodel */,
			);
			currentVersion = C4BE64041421DC9A00B6ED2C /* JudicialExam.xcdatamodel */;
			path = JudicialExam.xcdatamodeld;
			sourceTree = "<group>";
			versionGroupType = wrapper.xcdatamodel;
		};
/* End XCVersionGroup section */
	};
	rootObject = C4BE639114218D1200B6ED2C /* Project object */;
}
